
Microsoft Visual Studio Solution File, Format Version 12.00
# Visual Studio 15
VisualStudioVersion = 15.0.27130.2010
MinimumVisualStudioVersion = 10.0.40219.1
Project("{FAE04EC0-301F-11D3-BF4B-00C04F79EFBC}") = "SitefinityWebApp", "SitefinityWebApp\SitefinityWebApp.csproj", "{3E598CFC-83B2-494A-A97F-32EB24D797C6}"
EndProject
Project("{FAE04EC0-301F-11D3-BF4B-00C04F79EFBC}") = "JXTNext.Sitefinity.Connector", "JXTNext.Sitefinity.Connector\JXTNext.Sitefinity.Connector.csproj", "{BF418B44-EBCE-499F-BBD3-6BA98A24E144}"
EndProject
Project("{FAE04EC0-301F-11D3-BF4B-00C04F79EFBC}") = "Jxt.Sitefinity.Jobs", "Jxt.Sitefinity.Jobs\Jxt.Sitefinity.Jobs.csproj", "{CFECB7D6-84E5-4076-BF9A-C967AFDEBEE4}"
EndProject
Project("{FAE04EC0-301F-11D3-BF4B-00C04F79EFBC}") = "JXTNext.Sitefinity.Widgets.Authentication", "JXTNext.Sitefinity.Identity\JXTNext.Sitefinity.Widgets.Authentication.csproj", "{9A208D8F-AA97-4CE5-A42B-71BDE987124C}"
EndProject
Project("{FAE04EC0-301F-11D3-BF4B-00C04F79EFBC}") = "JXTNext.Sitefinity.Widgets.User", "JXTNext.Sitefinity.Widgets\JXTNext.Sitefinity.Widgets.User.csproj", "{676B052F-EF99-420D-BB22-16B287818A60}"
EndProject
Project("{FAE04EC0-301F-11D3-BF4B-00C04F79EFBC}") = "JXTNext.Sitefinity.Widgets.Job", "JXTNext.Sitefinity.Widgets.Job\JXTNext.Sitefinity.Widgets.Job.csproj", "{F2B8E604-8768-4BB1-B34F-EA4BAFDBD567}"
EndProject
Project("{FAE04EC0-301F-11D3-BF4B-00C04F79EFBC}") = "JXTNext.Sitefinity.Common", "JXTNext.Sitefinity.Common\JXTNext.Sitefinity.Common.csproj", "{9CCDBC01-EF02-4D74-9385-5C0F1DA2EB7A}"
EndProject
Project("{FAE04EC0-301F-11D3-BF4B-00C04F79EFBC}") = "JXTNext.Sitefinity.Widgets.JobApplication", "JXTNext.Sitefinity.Widgets.JobApplication\JXTNext.Sitefinity.Widgets.JobApplication.csproj", "{A65DA3A7-0613-4253-B396-933F3853C451}"
EndProject
Project("{FAE04EC0-301F-11D3-BF4B-00C04F79EFBC}") = "JXTNext.Sitefinity.Widgets.JobAlert", "JXTNext.Sitefinity.Widgets.JobAlert\JXTNext.Sitefinity.Widgets.JobAlert.csproj", "{3C241ADF-92C1-4CF4-8B45-A6563F78CC50}"
EndProject
Project("{FAE04EC0-301F-11D3-BF4B-00C04F79EFBC}") = "JXTNext.Sitefinity.Widgets.Social", "JXTNext.Sitefinity.Widgets.Social\JXTNext.Sitefinity.Widgets.Social.csproj", "{21A841B2-6B3A-46CD-B0C0-7F40CA812686}"
EndProject
Project("{FAE04EC0-301F-11D3-BF4B-00C04F79EFBC}") = "JXTNext.Sitefinity.Widgets.Common", "JXTNext.Sitefinity.Widgets.Common\JXTNext.Sitefinity.Widgets.Common.csproj", "{3AFCCBDC-A395-48E5-AA1C-8FE9CFDD16DB}"
EndProject
Project("{FAE04EC0-301F-11D3-BF4B-00C04F79EFBC}") = "JXTNext.Sitefinity.Widgets.Content", "JXTNext.Sitefinity.Widgets.Content\JXTNext.Sitefinity.Widgets.Content.csproj", "{84C57321-D20D-48A2-957D-4511A984F836}"
EndProject
Project("{9A19103F-16F7-4668-BE54-9A1E7A4F7556}") = "JXTNext.Sitefinity.FileHandler", "JXTNext.Sitefinity.FileHandler\JXTNext.Sitefinity.FileHandler.csproj", "{5EAF0584-7BC6-4A1F-BAE5-08FDF24E807A}"
EndProject
Project("{FAE04EC0-301F-11D3-BF4B-00C04F79EFBC}") = "JXTNext.Sitefinity.Services.Intefaces", "JXTNext.Sitefinity.Services.Intefaces\JXTNext.Sitefinity.Services.Intefaces.csproj", "{94381396-D85E-469C-B828-24CF03548DF5}"
EndProject
Project("{FAE04EC0-301F-11D3-BF4B-00C04F79EFBC}") = "JXTNext.Sitefinity.Services", "JXTNext.Sitefinity.Services\JXTNext.Sitefinity.Services.csproj", "{D9961410-DA67-44E6-95F6-BC5EFEE6CB4E}"
EndProject
Global
	GlobalSection(SolutionConfigurationPlatforms) = preSolution
		Debug|Any CPU = Debug|Any CPU
		Release Pro|Any CPU = Release Pro|Any CPU
		Release|Any CPU = Release|Any CPU
	EndGlobalSection
	GlobalSection(ProjectConfigurationPlatforms) = postSolution
		{3E598CFC-83B2-494A-A97F-32EB24D797C6}.Debug|Any CPU.ActiveCfg = Debug|Any CPU
		{3E598CFC-83B2-494A-A97F-32EB24D797C6}.Debug|Any CPU.Build.0 = Debug|Any CPU
		{3E598CFC-83B2-494A-A97F-32EB24D797C6}.Release Pro|Any CPU.ActiveCfg = Release Pro|Any CPU
		{3E598CFC-83B2-494A-A97F-32EB24D797C6}.Release Pro|Any CPU.Build.0 = Release Pro|Any CPU
		{3E598CFC-83B2-494A-A97F-32EB24D797C6}.Release|Any CPU.ActiveCfg = Release|Any CPU
		{3E598CFC-83B2-494A-A97F-32EB24D797C6}.Release|Any CPU.Build.0 = Release|Any CPU
		{BF418B44-EBCE-499F-BBD3-6BA98A24E144}.Debug|Any CPU.ActiveCfg = Debug|Any CPU
		{BF418B44-EBCE-499F-BBD3-6BA98A24E144}.Debug|Any CPU.Build.0 = Debug|Any CPU
		{BF418B44-EBCE-499F-BBD3-6BA98A24E144}.Release Pro|Any CPU.ActiveCfg = Release|Any CPU
		{BF418B44-EBCE-499F-BBD3-6BA98A24E144}.Release Pro|Any CPU.Build.0 = Release|Any CPU
		{BF418B44-EBCE-499F-BBD3-6BA98A24E144}.Release|Any CPU.ActiveCfg = Release|Any CPU
		{BF418B44-EBCE-499F-BBD3-6BA98A24E144}.Release|Any CPU.Build.0 = Release|Any CPU
		{CFECB7D6-84E5-4076-BF9A-C967AFDEBEE4}.Debug|Any CPU.ActiveCfg = Debug|Any CPU
		{CFECB7D6-84E5-4076-BF9A-C967AFDEBEE4}.Debug|Any CPU.Build.0 = Debug|Any CPU
		{CFECB7D6-84E5-4076-BF9A-C967AFDEBEE4}.Release Pro|Any CPU.ActiveCfg = Release|Any CPU
		{CFECB7D6-84E5-4076-BF9A-C967AFDEBEE4}.Release Pro|Any CPU.Build.0 = Release|Any CPU
		{CFECB7D6-84E5-4076-BF9A-C967AFDEBEE4}.Release|Any CPU.ActiveCfg = Release|Any CPU
		{CFECB7D6-84E5-4076-BF9A-C967AFDEBEE4}.Release|Any CPU.Build.0 = Release|Any CPU
		{9A208D8F-AA97-4CE5-A42B-71BDE987124C}.Debug|Any CPU.ActiveCfg = Debug|Any CPU
		{9A208D8F-AA97-4CE5-A42B-71BDE987124C}.Debug|Any CPU.Build.0 = Debug|Any CPU
		{9A208D8F-AA97-4CE5-A42B-71BDE987124C}.Release Pro|Any CPU.ActiveCfg = Release|Any CPU
		{9A208D8F-AA97-4CE5-A42B-71BDE987124C}.Release Pro|Any CPU.Build.0 = Release|Any CPU
		{9A208D8F-AA97-4CE5-A42B-71BDE987124C}.Release|Any CPU.ActiveCfg = Release|Any CPU
		{9A208D8F-AA97-4CE5-A42B-71BDE987124C}.Release|Any CPU.Build.0 = Release|Any CPU
		{676B052F-EF99-420D-BB22-16B287818A60}.Debug|Any CPU.ActiveCfg = Debug|Any CPU
		{676B052F-EF99-420D-BB22-16B287818A60}.Debug|Any CPU.Build.0 = Debug|Any CPU
		{676B052F-EF99-420D-BB22-16B287818A60}.Release Pro|Any CPU.ActiveCfg = Release|Any CPU
		{676B052F-EF99-420D-BB22-16B287818A60}.Release Pro|Any CPU.Build.0 = Release|Any CPU
		{676B052F-EF99-420D-BB22-16B287818A60}.Release|Any CPU.ActiveCfg = Release|Any CPU
		{676B052F-EF99-420D-BB22-16B287818A60}.Release|Any CPU.Build.0 = Release|Any CPU
		{F2B8E604-8768-4BB1-B34F-EA4BAFDBD567}.Debug|Any CPU.ActiveCfg = Debug|Any CPU
		{F2B8E604-8768-4BB1-B34F-EA4BAFDBD567}.Debug|Any CPU.Build.0 = Debug|Any CPU
		{F2B8E604-8768-4BB1-B34F-EA4BAFDBD567}.Release Pro|Any CPU.ActiveCfg = Release|Any CPU
		{F2B8E604-8768-4BB1-B34F-EA4BAFDBD567}.Release Pro|Any CPU.Build.0 = Release|Any CPU
		{F2B8E604-8768-4BB1-B34F-EA4BAFDBD567}.Release|Any CPU.ActiveCfg = Release|Any CPU
		{F2B8E604-8768-4BB1-B34F-EA4BAFDBD567}.Release|Any CPU.Build.0 = Release|Any CPU
		{9CCDBC01-EF02-4D74-9385-5C0F1DA2EB7A}.Debug|Any CPU.ActiveCfg = Debug|Any CPU
		{9CCDBC01-EF02-4D74-9385-5C0F1DA2EB7A}.Debug|Any CPU.Build.0 = Debug|Any CPU
		{9CCDBC01-EF02-4D74-9385-5C0F1DA2EB7A}.Release Pro|Any CPU.ActiveCfg = Release|Any CPU
		{9CCDBC01-EF02-4D74-9385-5C0F1DA2EB7A}.Release Pro|Any CPU.Build.0 = Release|Any CPU
		{9CCDBC01-EF02-4D74-9385-5C0F1DA2EB7A}.Release|Any CPU.ActiveCfg = Release|Any CPU
		{9CCDBC01-EF02-4D74-9385-5C0F1DA2EB7A}.Release|Any CPU.Build.0 = Release|Any CPU
		{A65DA3A7-0613-4253-B396-933F3853C451}.Debug|Any CPU.ActiveCfg = Debug|Any CPU
		{A65DA3A7-0613-4253-B396-933F3853C451}.Debug|Any CPU.Build.0 = Debug|Any CPU
		{A65DA3A7-0613-4253-B396-933F3853C451}.Release Pro|Any CPU.ActiveCfg = Release|Any CPU
		{A65DA3A7-0613-4253-B396-933F3853C451}.Release Pro|Any CPU.Build.0 = Release|Any CPU
		{A65DA3A7-0613-4253-B396-933F3853C451}.Release|Any CPU.ActiveCfg = Release|Any CPU
		{A65DA3A7-0613-4253-B396-933F3853C451}.Release|Any CPU.Build.0 = Release|Any CPU
		{3C241ADF-92C1-4CF4-8B45-A6563F78CC50}.Debug|Any CPU.ActiveCfg = Debug|Any CPU
		{3C241ADF-92C1-4CF4-8B45-A6563F78CC50}.Debug|Any CPU.Build.0 = Debug|Any CPU
		{3C241ADF-92C1-4CF4-8B45-A6563F78CC50}.Release Pro|Any CPU.ActiveCfg = Release|Any CPU
		{3C241ADF-92C1-4CF4-8B45-A6563F78CC50}.Release Pro|Any CPU.Build.0 = Release|Any CPU
		{3C241ADF-92C1-4CF4-8B45-A6563F78CC50}.Release|Any CPU.ActiveCfg = Release|Any CPU
		{3C241ADF-92C1-4CF4-8B45-A6563F78CC50}.Release|Any CPU.Build.0 = Release|Any CPU
		{21A841B2-6B3A-46CD-B0C0-7F40CA812686}.Debug|Any CPU.ActiveCfg = Debug|Any CPU
		{21A841B2-6B3A-46CD-B0C0-7F40CA812686}.Debug|Any CPU.Build.0 = Debug|Any CPU
		{21A841B2-6B3A-46CD-B0C0-7F40CA812686}.Release Pro|Any CPU.ActiveCfg = Release|Any CPU
		{21A841B2-6B3A-46CD-B0C0-7F40CA812686}.Release Pro|Any CPU.Build.0 = Release|Any CPU
		{21A841B2-6B3A-46CD-B0C0-7F40CA812686}.Release|Any CPU.ActiveCfg = Release|Any CPU
		{21A841B2-6B3A-46CD-B0C0-7F40CA812686}.Release|Any CPU.Build.0 = Release|Any CPU
		{3AFCCBDC-A395-48E5-AA1C-8FE9CFDD16DB}.Debug|Any CPU.ActiveCfg = Debug|Any CPU
		{3AFCCBDC-A395-48E5-AA1C-8FE9CFDD16DB}.Debug|Any CPU.Build.0 = Debug|Any CPU
		{3AFCCBDC-A395-48E5-AA1C-8FE9CFDD16DB}.Release Pro|Any CPU.ActiveCfg = Release|Any CPU
		{3AFCCBDC-A395-48E5-AA1C-8FE9CFDD16DB}.Release Pro|Any CPU.Build.0 = Release|Any CPU
		{3AFCCBDC-A395-48E5-AA1C-8FE9CFDD16DB}.Release|Any CPU.ActiveCfg = Release|Any CPU
		{3AFCCBDC-A395-48E5-AA1C-8FE9CFDD16DB}.Release|Any CPU.Build.0 = Release|Any CPU
		{84C57321-D20D-48A2-957D-4511A984F836}.Debug|Any CPU.ActiveCfg = Debug|Any CPU
		{84C57321-D20D-48A2-957D-4511A984F836}.Debug|Any CPU.Build.0 = Debug|Any CPU
		{84C57321-D20D-48A2-957D-4511A984F836}.Release Pro|Any CPU.ActiveCfg = Release|Any CPU
		{84C57321-D20D-48A2-957D-4511A984F836}.Release Pro|Any CPU.Build.0 = Release|Any CPU
		{84C57321-D20D-48A2-957D-4511A984F836}.Release|Any CPU.ActiveCfg = Release|Any CPU
		{84C57321-D20D-48A2-957D-4511A984F836}.Release|Any CPU.Build.0 = Release|Any CPU
		{5EAF0584-7BC6-4A1F-BAE5-08FDF24E807A}.Debug|Any CPU.ActiveCfg = Debug|Any CPU
		{5EAF0584-7BC6-4A1F-BAE5-08FDF24E807A}.Debug|Any CPU.Build.0 = Debug|Any CPU
		{5EAF0584-7BC6-4A1F-BAE5-08FDF24E807A}.Release Pro|Any CPU.ActiveCfg = Release|Any CPU
		{5EAF0584-7BC6-4A1F-BAE5-08FDF24E807A}.Release Pro|Any CPU.Build.0 = Release|Any CPU
		{5EAF0584-7BC6-4A1F-BAE5-08FDF24E807A}.Release|Any CPU.ActiveCfg = Release|Any CPU
		{5EAF0584-7BC6-4A1F-BAE5-08FDF24E807A}.Release|Any CPU.Build.0 = Release|Any CPU
		{94381396-D85E-469C-B828-24CF03548DF5}.Debug|Any CPU.ActiveCfg = Debug|Any CPU
		{94381396-D85E-469C-B828-24CF03548DF5}.Debug|Any CPU.Build.0 = Debug|Any CPU
		{94381396-D85E-469C-B828-24CF03548DF5}.Release Pro|Any CPU.ActiveCfg = Release|Any CPU
		{94381396-D85E-469C-B828-24CF03548DF5}.Release Pro|Any CPU.Build.0 = Release|Any CPU
		{94381396-D85E-469C-B828-24CF03548DF5}.Release|Any CPU.ActiveCfg = Release|Any CPU
		{94381396-D85E-469C-B828-24CF03548DF5}.Release|Any CPU.Build.0 = Release|Any CPU
		{D9961410-DA67-44E6-95F6-BC5EFEE6CB4E}.Debug|Any CPU.ActiveCfg = Debug|Any CPU
		{D9961410-DA67-44E6-95F6-BC5EFEE6CB4E}.Debug|Any CPU.Build.0 = Debug|Any CPU
		{D9961410-DA67-44E6-95F6-BC5EFEE6CB4E}.Release Pro|Any CPU.ActiveCfg = Release|Any CPU
		{D9961410-DA67-44E6-95F6-BC5EFEE6CB4E}.Release Pro|Any CPU.Build.0 = Release|Any CPU
		{D9961410-DA67-44E6-95F6-BC5EFEE6CB4E}.Release|Any CPU.ActiveCfg = Release|Any CPU
		{D9961410-DA67-44E6-95F6-BC5EFEE6CB4E}.Release|Any CPU.Build.0 = Release|Any CPU
	EndGlobalSection
	GlobalSection(SolutionProperties) = preSolution
		HideSolutionNode = FALSE
	EndGlobalSection
	GlobalSection(ExtensibilityGlobals) = postSolution
		SolutionGuid = {A206B4A4-96BF-4B2E-BD3B-130096940CA0}
	EndGlobalSection
EndGlobal
