Microsoft Visual Studio Solution File, Format Version 11.00
# Visual Studio 2010
Project("{2150E333-8FDC-42A3-9474-1A3956D46DE8}") = "NetTiers", "NetTiers", "{F3A10C8D-3227-449F-A2CB-014DE2D7F415}"
	ProjectSection(SolutionItems) = preProject
		AssemblyInfo.cs = AssemblyInfo.cs
	EndProjectSection
EndProject
Project("{2150E333-8FDC-42A3-9474-1A3956D46DE8}") = "Libraries", "Libraries", "{06164622-3B6F-427E-BA84-9072B6245849}"
EndProject
Project("{2150E333-8FDC-42A3-9474-1A3956D46DE8}") = "Services", "Services", "{BC0B35A7-CC4A-45AF-A6C0-CEC9762DCC6F}"
EndProject
Project("{FAE04EC0-301F-11D3-BF4B-00C04F79EFBC}") = "JXTPortal.Entities", "JXTPortal.Entities\JXTPortal.Entities.csproj", "{20E43088-4618-4F4A-B8AD-FC31B50D94CD}"
EndProject
Project("{FAE04EC0-301F-11D3-BF4B-00C04F79EFBC}") = "JXTPortal.Data", "JXTPortal.Data\JXTPortal.Data.csproj", "{041C1BBE-0BFB-4D45-8125-9AB0BBC09A92}"
EndProject
Project("{FAE04EC0-301F-11D3-BF4B-00C04F79EFBC}") = "JXTPortal.Data.SqlClient", "JXTPortal.Data.SqlClient\JXTPortal.Data.SqlClient.csproj", "{8996A7B4-57D3-440B-A545-A701844B8C4A}"
EndProject
Project("{FAE04EC0-301F-11D3-BF4B-00C04F79EFBC}") = "JXTPortal", "JXTPortal\JXTPortal.csproj", "{794327CE-DC0A-4381-89EE-4C00AFB08D5A}"
EndProject
Project("{FAE04EC0-301F-11D3-BF4B-00C04F79EFBC}") = "JXTPortal.Website", "JXTPortal.Website\JXTPortal.Website.csproj", "{1DCAB031-308A-4581-AFA8-BD29F45A1357}"
	ProjectSection(ProjectDependencies) = postProject
		{F728C4BD-8EEB-476D-AC0B-D4BCFA98F975} = {F728C4BD-8EEB-476D-AC0B-D4BCFA98F975}
		{634574E7-DA42-4681-A185-EB54E1B47872} = {634574E7-DA42-4681-A185-EB54E1B47872}
	EndProjectSection
EndProject
Project("{FAE04EC0-301F-11D3-BF4B-00C04F79EFBC}") = "EmailSender", "EmailSender\EmailSender.csproj", "{F728C4BD-8EEB-476D-AC0B-D4BCFA98F975}"
EndProject
Project("{FAE04EC0-301F-11D3-BF4B-00C04F79EFBC}") = "TinyMCETextBox", "Controls\TinyMCETextBox\TinyMCETextBox.csproj", "{2EA50EA4-91BE-47DB-B7A6-32BE45A4BC8F}"
EndProject
Project("{FAE04EC0-301F-11D3-BF4B-00C04F79EFBC}") = "JXTPortal.Common", "JXTPortal.Common\JXTPortal.Common.csproj", "{E41704D8-FFB8-462F-8FF9-DF315D39251A}"
EndProject
Project("{FAE04EC0-301F-11D3-BF4B-00C04F79EFBC}") = "JXTJobAlerts", "Services\JXTJobAlerts\JXTJobAlerts.csproj", "{387ADF5B-313B-4D1D-A6B8-3307AE14A494}"
EndProject
Project("{FAE04EC0-301F-11D3-BF4B-00C04F79EFBC}") = "JXTPortal.Web", "JXTPortal.Web\JXTPortal.Web.csproj", "{47FE3BE8-3E46-47CA-8494-473755867DD0}"
EndProject
Project("{F184B08F-C81C-45F6-A57F-5ABD9991F28F}") = "Relate.SearchHelper", "Relate.SearchHelper\Relate.SearchHelper.vbproj", "{B3734779-3B22-4742-AACD-32D55F3A1C37}"
EndProject
Project("{2150E333-8FDC-42A3-9474-1A3956D46DE8}") = "UI", "UI", "{D24A3561-94E5-47BE-8EE1-1CA310C78961}"
EndProject
Project("{FAE04EC0-301F-11D3-BF4B-00C04F79EFBC}") = "JXTPortal.Domain", "JXTPortal.Domain\JXTPortal.Domain.csproj", "{CB8D0BA0-DE95-4EC0-A108-31DEDE258317}"
EndProject
Project("{2150E333-8FDC-42A3-9474-1A3956D46DE8}") = "API", "API", "{3D81BEB0-10C3-482E-85E2-B717E8222F77}"
EndProject
Project("{FAE04EC0-301F-11D3-BF4B-00C04F79EFBC}") = "JXTPortal.API", "JXTPortal.API\JXTPortal.API.csproj", "{E0D66A76-9181-404E-AB6E-F11ECFC108CB}"
EndProject
Project("{FAE04EC0-301F-11D3-BF4B-00C04F79EFBC}") = "JXTSitemaps", "JXTSitemaps\JXTSitemaps.csproj", "{DD591430-19F4-42CC-8108-04C149B16B6D}"
EndProject
Project("{FAE04EC0-301F-11D3-BF4B-00C04F79EFBC}") = "JXTJobsExport", "JXTJobsExport\JXTJobsExport.csproj", "{F70A3A5A-6154-413B-BD16-5DC05C62AFF0}"
EndProject
Project("{FAE04EC0-301F-11D3-BF4B-00C04F79EFBC}") = "SocialMedia", "SocialMedia\SocialMedia.csproj", "{C1E3E75C-7C54-4546-A1FC-B70ED7A2C4F8}"
EndProject
Project("{FAE04EC0-301F-11D3-BF4B-00C04F79EFBC}") = "JXTCLAMapper", "JXTCLAMapper\JXTCLAMapper.csproj", "{E74ECE7C-A095-4B86-B158-3C7FDB7DE760}"
EndProject
Project("{FAE04EC0-301F-11D3-BF4B-00C04F79EFBC}") = "PaymentGateway", "PaymentGateway\PaymentGateway.csproj", "{08EACA40-0B2C-4FB3-87CB-4F5880D289B5}"
EndProject
Project("{FAE04EC0-301F-11D3-BF4B-00C04F79EFBC}") = "JXTMemberImport", "JXTMemberTransfer\JXTMemberImport.csproj", "{B6568DDF-D344-40BB-9E7C-80C8EA1C85A4}"
EndProject
Project("{FAE04EC0-301F-11D3-BF4B-00C04F79EFBC}") = "JXTJobsXMLGenerator", "JXTJobsXMLGenerator\JXTJobsXMLGenerator.csproj", "{CA131BB3-941F-4497-9DD5-BB365F76A6A9}"
EndProject
Project("{FAE04EC0-301F-11D3-BF4B-00C04F79EFBC}") = "MiniJXTSqlFunctions", "SqlServerFunctions\MiniJXTSqlFunctions.csproj", "{2CDBC72F-8E33-4C86-9BE5-54FEDAA64291}"
EndProject
Project("{FAE04EC0-301F-11D3-BF4B-00C04F79EFBC}") = "JXTPostJobApplicationToFTP", "JXTPostJobApplicationToFTP\JXTPostJobApplicationToFTP.csproj", "{EB63F5FF-DA51-484F-BA00-124D4477D434}"
EndProject
Project("{FAE04EC0-301F-11D3-BF4B-00C04F79EFBC}") = "JXTJobExpiringAlert", "JXTJobExpiringAlert\JXTJobExpiringAlert.csproj", "{66217931-D635-4CA4-A988-70D07F6B3C54}"
EndProject
Project("{FAE04EC0-301F-11D3-BF4B-00C04F79EFBC}") = "JXTSalesforceIntegration", "JXTSalesforceIntegration\JXTSalesforceIntegration.csproj", "{EE0FDEA0-348F-43A9-8378-C5DD937BBCA5}"
EndProject
Project("{FAE04EC0-301F-11D3-BF4B-00C04F79EFBC}") = "JXTExportSiteData", "JXTExportSiteData\JXTExportSiteData.csproj", "{144BF37F-5B8A-4ABC-AAF8-5E6D6DFE06C0}"
	ProjectSection(ProjectDependencies) = postProject
		{20E43088-4618-4F4A-B8AD-FC31B50D94CD} = {20E43088-4618-4F4A-B8AD-FC31B50D94CD}
		{8996A7B4-57D3-440B-A545-A701844B8C4A} = {8996A7B4-57D3-440B-A545-A701844B8C4A}
		{041C1BBE-0BFB-4D45-8125-9AB0BBC09A92} = {041C1BBE-0BFB-4D45-8125-9AB0BBC09A92}
		{E41704D8-FFB8-462F-8FF9-DF315D39251A} = {E41704D8-FFB8-462F-8FF9-DF315D39251A}
	EndProjectSection
EndProject
Project("{FAE04EC0-301F-11D3-BF4B-00C04F79EFBC}") = "JXTGoogleMapIntegration", "JXTGoogleMapIntegration\JXTGoogleMapIntegration.csproj", "{D3536A93-246F-4C9B-AF5D-40EAC86233E9}"
EndProject
Project("{FAE04EC0-301F-11D3-BF4B-00C04F79EFBC}") = "JXTJobScienceIntegration", "JXTJobScienceIntegration\JXTJobScienceIntegration.csproj", "{33BC1834-7DAD-4857-8E54-C83B39816422}"
EndProject
Project("{2150E333-8FDC-42A3-9474-1A3956D46DE8}") = "ZClientServices", "ZClientServices", "{D5CDA092-A5E3-4E52-B4D8-347C1ECBC511}"
EndProject
Project("{FAE04EC0-301F-11D3-BF4B-00C04F79EFBC}") = "JXTEnworldImport", "JXTEnworldImport\JXTEnworldImport.csproj", "{8E688AB0-7F84-4204-9A07-3EE31C750EC8}"
EndProject
Project("{FAE04EC0-301F-11D3-BF4B-00C04F79EFBC}") = "JXTEnworldGaiaExport", "JXTEnworldGaiaExport\JXTEnworldGaiaExport.csproj", "{9438CF1F-5026-45AE-A25D-A0DE9FD9B3C4}"
EndProject
Project("{2150E333-8FDC-42A3-9474-1A3956D46DE8}") = "Poster Transform", "Poster Transform", "{8892E1A0-E9CF-4B1E-8661-E7A794F3F2B9}"
EndProject
Project("{FAE04EC0-301F-11D3-BF4B-00C04F79EFBC}") = "JXTPosterTransform.Website", "JXTPosterTransform.Website\JXTPosterTransform.Website.csproj", "{45642B98-1802-47D1-9BED-42D4650A752F}"
	ProjectSection(ProjectDependencies) = postProject
		{20E43088-4618-4F4A-B8AD-FC31B50D94CD} = {20E43088-4618-4F4A-B8AD-FC31B50D94CD}
		{041C1BBE-0BFB-4D45-8125-9AB0BBC09A92} = {041C1BBE-0BFB-4D45-8125-9AB0BBC09A92}
		{794327CE-DC0A-4381-89EE-4C00AFB08D5A} = {794327CE-DC0A-4381-89EE-4C00AFB08D5A}
	EndProjectSection
EndProject
Project("{FAE04EC0-301F-11D3-BF4B-00C04F79EFBC}") = "JXTPortal.Mobile.Website", "JXTPortal.Mobile.Website\JXTPortal.Mobile.Website.csproj", "{0C2CEAC1-F495-4D2C-9AC3-B5C7FEFF08D4}"
EndProject
Project("{FAE04EC0-301F-11D3-BF4B-00C04F79EFBC}") = "JXTPosterTransform.Library", "JXTPosterTransform.Library\JXTPosterTransform.Library.csproj", "{AACCDF61-B052-4857-BB83-D0FB17095810}"
EndProject
Project("{FAE04EC0-301F-11D3-BF4B-00C04F79EFBC}") = "JXTPosterTransform.Data", "JXTPosterTransform.Data\JXTPosterTransform.Data.csproj", "{5F01D090-34D9-4AA2-9F54-0533FBC0F140}"
EndProject
Project("{FAE04EC0-301F-11D3-BF4B-00C04F79EFBC}") = "JXTPosterTransform.ConsoleApp", "JXTPosterTransform.Console\JXTPosterTransform.ConsoleApp.csproj", "{1304BAF2-F6B8-4C6A-ACA1-9B3B1787A215}"
EndProject
Project("{FAE04EC0-301F-11D3-BF4B-00C04F79EFBC}") = "JXTPostDataToFTP", "JXTPostDataToFTP\JXTPostDataToFTP.csproj", "{856F7437-9ECB-40F6-8AF4-4533625E986E}"
EndProject
Project("{FAE04EC0-301F-11D3-BF4B-00C04F79EFBC}") = "JXTPortal.Data.Dapper", "JXTPortal.Data.Dapper\JXTPortal.Data.Dapper.csproj", "{32EEE44E-E778-4F22-BDFF-7787D2F97E70}"
EndProject
Project("{FAE04EC0-301F-11D3-BF4B-00C04F79EFBC}") = "JXTPortal.Database.Deployment", "JXTPortal.Database.Deployment\JXTPortal.Database.Deployment.csproj", "{6D1F7B31-9D6B-4F24-A610-7905B7FEC894}"
EndProject
Project("{2150E333-8FDC-42A3-9474-1A3956D46DE8}") = "Unit Tests", "Unit Tests", "{C01B526C-2060-4C2F-BEA9-F8F0F0E4C47E}"
EndProject
Project("{FAE04EC0-301F-11D3-BF4B-00C04F79EFBC}") = "JXTPortal.UnitTest", "JXTPortal.UnitTest\JXTPortal.UnitTest.csproj", "{73EB7AAC-093B-4F49-B263-19D0FAF2063A}"
EndProject
Project("{2150E333-8FDC-42A3-9474-1A3956D46DE8}") = "Solution Items", "Solution Items", "{3A986EBB-8EBB-4E9D-BE16-E8F9B8B9564F}"
	ProjectSection(SolutionItems) = preProject
		JXTPortal.vsmdi = JXTPortal.vsmdi
		Local.testsettings = Local.testsettings
		TraceAndTestImpact.testsettings = TraceAndTestImpact.testsettings
	EndProjectSection
EndProject
Project("{FAE04EC0-301F-11D3-BF4B-00C04F79EFBC}") = "JXTPortal.Service.Dapper", "JXTPortal.Service.Dapper\JXTPortal.Service.Dapper.csproj", "{F93FE82B-6B51-440B-86C9-55F6BA9CF038}"
EndProject
Project("{2150E333-8FDC-42A3-9474-1A3956D46DE8}") = ".nuget", ".nuget", "{12308C9E-6BC3-4C26-B6D4-F3102A92E666}"
	ProjectSection(SolutionItems) = preProject
		.nuget\NuGet.Config = .nuget\NuGet.Config
		.nuget\NuGet.exe = .nuget\NuGet.exe
		.nuget\NuGet.targets = .nuget\NuGet.targets
	EndProjectSection
EndProject
Project("{FAE04EC0-301F-11D3-BF4B-00C04F79EFBC}") = "SectionIO", "SectionIO\SectionIO.csproj", "{634574E7-DA42-4681-A185-EB54E1B47872}"
EndProject
Project("{FAE04EC0-301F-11D3-BF4B-00C04F79EFBC}") = "JXTMoveImageToFTP", "JXTMoveImageToFTP\JXTMoveImageToFTP.csproj", "{8C29EDAB-1DB5-4862-BB08-FF0F69ED77D3}"
EndProject
Global
	GlobalSection(TestCaseManagementSettings) = postSolution
		CategoryFile = JXTPortal.vsmdi
	EndGlobalSection
	GlobalSection(SolutionConfigurationPlatforms) = preSolution
		Debug|Any CPU = Debug|Any CPU
		Debug|Mixed Platforms = Debug|Mixed Platforms
		Debug|x86 = Debug|x86
		GenerateDebug|Any CPU = GenerateDebug|Any CPU
		GenerateDebug|Mixed Platforms = GenerateDebug|Mixed Platforms
		GenerateDebug|x86 = GenerateDebug|x86
		Release|Any CPU = Release|Any CPU
		Release|Mixed Platforms = Release|Mixed Platforms
		Release|x86 = Release|x86
	EndGlobalSection
	GlobalSection(ProjectConfigurationPlatforms) = postSolution
		{20E43088-4618-4F4A-B8AD-FC31B50D94CD}.Debug|Any CPU.ActiveCfg = Debug|Any CPU
		{20E43088-4618-4F4A-B8AD-FC31B50D94CD}.Debug|Any CPU.Build.0 = Debug|Any CPU
		{20E43088-4618-4F4A-B8AD-FC31B50D94CD}.Debug|Mixed Platforms.ActiveCfg = Debug|Any CPU
		{20E43088-4618-4F4A-B8AD-FC31B50D94CD}.Debug|Mixed Platforms.Build.0 = Debug|Any CPU
		{20E43088-4618-4F4A-B8AD-FC31B50D94CD}.Debug|x86.ActiveCfg = Debug|Any CPU
		{20E43088-4618-4F4A-B8AD-FC31B50D94CD}.GenerateDebug|Any CPU.ActiveCfg = GenerateDebug|Any CPU
		{20E43088-4618-4F4A-B8AD-FC31B50D94CD}.GenerateDebug|Any CPU.Build.0 = GenerateDebug|Any CPU
		{20E43088-4618-4F4A-B8AD-FC31B50D94CD}.GenerateDebug|Mixed Platforms.ActiveCfg = GenerateDebug|Any CPU
		{20E43088-4618-4F4A-B8AD-FC31B50D94CD}.GenerateDebug|Mixed Platforms.Build.0 = GenerateDebug|Any CPU
		{20E43088-4618-4F4A-B8AD-FC31B50D94CD}.GenerateDebug|x86.ActiveCfg = GenerateDebug|Any CPU
		{20E43088-4618-4F4A-B8AD-FC31B50D94CD}.Release|Any CPU.ActiveCfg = Release|Any CPU
		{20E43088-4618-4F4A-B8AD-FC31B50D94CD}.Release|Any CPU.Build.0 = Release|Any CPU
		{20E43088-4618-4F4A-B8AD-FC31B50D94CD}.Release|Mixed Platforms.ActiveCfg = Release|Any CPU
		{20E43088-4618-4F4A-B8AD-FC31B50D94CD}.Release|Mixed Platforms.Build.0 = Release|Any CPU
		{20E43088-4618-4F4A-B8AD-FC31B50D94CD}.Release|x86.ActiveCfg = Release|Any CPU
		{041C1BBE-0BFB-4D45-8125-9AB0BBC09A92}.Debug|Any CPU.ActiveCfg = Debug|Any CPU
		{041C1BBE-0BFB-4D45-8125-9AB0BBC09A92}.Debug|Any CPU.Build.0 = Debug|Any CPU
		{041C1BBE-0BFB-4D45-8125-9AB0BBC09A92}.Debug|Mixed Platforms.ActiveCfg = Debug|Any CPU
		{041C1BBE-0BFB-4D45-8125-9AB0BBC09A92}.Debug|Mixed Platforms.Build.0 = Debug|Any CPU
		{041C1BBE-0BFB-4D45-8125-9AB0BBC09A92}.Debug|x86.ActiveCfg = Debug|Any CPU
		{041C1BBE-0BFB-4D45-8125-9AB0BBC09A92}.GenerateDebug|Any CPU.ActiveCfg = GenerateDebug|Any CPU
		{041C1BBE-0BFB-4D45-8125-9AB0BBC09A92}.GenerateDebug|Any CPU.Build.0 = GenerateDebug|Any CPU
		{041C1BBE-0BFB-4D45-8125-9AB0BBC09A92}.GenerateDebug|Mixed Platforms.ActiveCfg = GenerateDebug|Any CPU
		{041C1BBE-0BFB-4D45-8125-9AB0BBC09A92}.GenerateDebug|Mixed Platforms.Build.0 = GenerateDebug|Any CPU
		{041C1BBE-0BFB-4D45-8125-9AB0BBC09A92}.GenerateDebug|x86.ActiveCfg = GenerateDebug|Any CPU
		{041C1BBE-0BFB-4D45-8125-9AB0BBC09A92}.Release|Any CPU.ActiveCfg = Release|Any CPU
		{041C1BBE-0BFB-4D45-8125-9AB0BBC09A92}.Release|Any CPU.Build.0 = Release|Any CPU
		{041C1BBE-0BFB-4D45-8125-9AB0BBC09A92}.Release|Mixed Platforms.ActiveCfg = Release|Any CPU
		{041C1BBE-0BFB-4D45-8125-9AB0BBC09A92}.Release|Mixed Platforms.Build.0 = Release|Any CPU
		{041C1BBE-0BFB-4D45-8125-9AB0BBC09A92}.Release|x86.ActiveCfg = Release|Any CPU
		{8996A7B4-57D3-440B-A545-A701844B8C4A}.Debug|Any CPU.ActiveCfg = Debug|Any CPU
		{8996A7B4-57D3-440B-A545-A701844B8C4A}.Debug|Any CPU.Build.0 = Debug|Any CPU
		{8996A7B4-57D3-440B-A545-A701844B8C4A}.Debug|Mixed Platforms.ActiveCfg = Debug|Any CPU
		{8996A7B4-57D3-440B-A545-A701844B8C4A}.Debug|Mixed Platforms.Build.0 = Debug|Any CPU
		{8996A7B4-57D3-440B-A545-A701844B8C4A}.Debug|x86.ActiveCfg = Debug|Any CPU
		{8996A7B4-57D3-440B-A545-A701844B8C4A}.GenerateDebug|Any CPU.ActiveCfg = GenerateDebug|Any CPU
		{8996A7B4-57D3-440B-A545-A701844B8C4A}.GenerateDebug|Any CPU.Build.0 = GenerateDebug|Any CPU
		{8996A7B4-57D3-440B-A545-A701844B8C4A}.GenerateDebug|Mixed Platforms.ActiveCfg = GenerateDebug|Any CPU
		{8996A7B4-57D3-440B-A545-A701844B8C4A}.GenerateDebug|Mixed Platforms.Build.0 = GenerateDebug|Any CPU
		{8996A7B4-57D3-440B-A545-A701844B8C4A}.GenerateDebug|x86.ActiveCfg = GenerateDebug|Any CPU
		{8996A7B4-57D3-440B-A545-A701844B8C4A}.Release|Any CPU.ActiveCfg = Release|Any CPU
		{8996A7B4-57D3-440B-A545-A701844B8C4A}.Release|Any CPU.Build.0 = Release|Any CPU
		{8996A7B4-57D3-440B-A545-A701844B8C4A}.Release|Mixed Platforms.ActiveCfg = Release|Any CPU
		{8996A7B4-57D3-440B-A545-A701844B8C4A}.Release|Mixed Platforms.Build.0 = Release|Any CPU
		{8996A7B4-57D3-440B-A545-A701844B8C4A}.Release|x86.ActiveCfg = Release|Any CPU
		{794327CE-DC0A-4381-89EE-4C00AFB08D5A}.Debug|Any CPU.ActiveCfg = Debug|Any CPU
		{794327CE-DC0A-4381-89EE-4C00AFB08D5A}.Debug|Any CPU.Build.0 = Debug|Any CPU
		{794327CE-DC0A-4381-89EE-4C00AFB08D5A}.Debug|Mixed Platforms.ActiveCfg = Debug|Any CPU
		{794327CE-DC0A-4381-89EE-4C00AFB08D5A}.Debug|Mixed Platforms.Build.0 = Debug|Any CPU
		{794327CE-DC0A-4381-89EE-4C00AFB08D5A}.Debug|x86.ActiveCfg = Debug|Any CPU
		{794327CE-DC0A-4381-89EE-4C00AFB08D5A}.GenerateDebug|Any CPU.ActiveCfg = GenerateDebug|Any CPU
		{794327CE-DC0A-4381-89EE-4C00AFB08D5A}.GenerateDebug|Any CPU.Build.0 = GenerateDebug|Any CPU
		{794327CE-DC0A-4381-89EE-4C00AFB08D5A}.GenerateDebug|Mixed Platforms.ActiveCfg = GenerateDebug|Any CPU
		{794327CE-DC0A-4381-89EE-4C00AFB08D5A}.GenerateDebug|Mixed Platforms.Build.0 = GenerateDebug|Any CPU
		{794327CE-DC0A-4381-89EE-4C00AFB08D5A}.GenerateDebug|x86.ActiveCfg = GenerateDebug|Any CPU
		{794327CE-DC0A-4381-89EE-4C00AFB08D5A}.Release|Any CPU.ActiveCfg = Release|Any CPU
		{794327CE-DC0A-4381-89EE-4C00AFB08D5A}.Release|Any CPU.Build.0 = Release|Any CPU
		{794327CE-DC0A-4381-89EE-4C00AFB08D5A}.Release|Mixed Platforms.ActiveCfg = Release|Any CPU
		{794327CE-DC0A-4381-89EE-4C00AFB08D5A}.Release|Mixed Platforms.Build.0 = Release|Any CPU
		{794327CE-DC0A-4381-89EE-4C00AFB08D5A}.Release|x86.ActiveCfg = Release|Any CPU
		{1DCAB031-308A-4581-AFA8-BD29F45A1357}.Debug|Any CPU.ActiveCfg = Debug|Any CPU
		{1DCAB031-308A-4581-AFA8-BD29F45A1357}.Debug|Any CPU.Build.0 = Debug|Any CPU
		{1DCAB031-308A-4581-AFA8-BD29F45A1357}.Debug|Mixed Platforms.ActiveCfg = Debug|Any CPU
		{1DCAB031-308A-4581-AFA8-BD29F45A1357}.Debug|Mixed Platforms.Build.0 = Debug|Any CPU
		{1DCAB031-308A-4581-AFA8-BD29F45A1357}.Debug|x86.ActiveCfg = Debug|Any CPU
		{1DCAB031-308A-4581-AFA8-BD29F45A1357}.GenerateDebug|Any CPU.ActiveCfg = GenerateDebug|Any CPU
		{1DCAB031-308A-4581-AFA8-BD29F45A1357}.GenerateDebug|Any CPU.Build.0 = GenerateDebug|Any CPU
		{1DCAB031-308A-4581-AFA8-BD29F45A1357}.GenerateDebug|Mixed Platforms.ActiveCfg = GenerateDebug|Any CPU
		{1DCAB031-308A-4581-AFA8-BD29F45A1357}.GenerateDebug|Mixed Platforms.Build.0 = GenerateDebug|Any CPU
		{1DCAB031-308A-4581-AFA8-BD29F45A1357}.GenerateDebug|x86.ActiveCfg = GenerateDebug|Any CPU
		{1DCAB031-308A-4581-AFA8-BD29F45A1357}.Release|Any CPU.ActiveCfg = Release|Any CPU
		{1DCAB031-308A-4581-AFA8-BD29F45A1357}.Release|Any CPU.Build.0 = Release|Any CPU
		{1DCAB031-308A-4581-AFA8-BD29F45A1357}.Release|Mixed Platforms.ActiveCfg = Release|Any CPU
		{1DCAB031-308A-4581-AFA8-BD29F45A1357}.Release|Mixed Platforms.Build.0 = Release|Any CPU
		{1DCAB031-308A-4581-AFA8-BD29F45A1357}.Release|x86.ActiveCfg = Release|Any CPU
		{F728C4BD-8EEB-476D-AC0B-D4BCFA98F975}.Debug|Any CPU.ActiveCfg = Debug|Any CPU
		{F728C4BD-8EEB-476D-AC0B-D4BCFA98F975}.Debug|Any CPU.Build.0 = Debug|Any CPU
		{F728C4BD-8EEB-476D-AC0B-D4BCFA98F975}.Debug|Mixed Platforms.ActiveCfg = Debug|Any CPU
		{F728C4BD-8EEB-476D-AC0B-D4BCFA98F975}.Debug|x86.ActiveCfg = Debug|Any CPU
		{F728C4BD-8EEB-476D-AC0B-D4BCFA98F975}.GenerateDebug|Any CPU.ActiveCfg = Debug|Any CPU
		{F728C4BD-8EEB-476D-AC0B-D4BCFA98F975}.GenerateDebug|Any CPU.Build.0 = Debug|Any CPU
		{F728C4BD-8EEB-476D-AC0B-D4BCFA98F975}.GenerateDebug|Mixed Platforms.ActiveCfg = Debug|Any CPU
		{F728C4BD-8EEB-476D-AC0B-D4BCFA98F975}.GenerateDebug|Mixed Platforms.Build.0 = Debug|Any CPU
		{F728C4BD-8EEB-476D-AC0B-D4BCFA98F975}.GenerateDebug|x86.ActiveCfg = Debug|Any CPU
		{F728C4BD-8EEB-476D-AC0B-D4BCFA98F975}.Release|Any CPU.ActiveCfg = Release|Any CPU
		{F728C4BD-8EEB-476D-AC0B-D4BCFA98F975}.Release|Mixed Platforms.ActiveCfg = Release|Any CPU
		{F728C4BD-8EEB-476D-AC0B-D4BCFA98F975}.Release|Mixed Platforms.Build.0 = Release|Any CPU
		{F728C4BD-8EEB-476D-AC0B-D4BCFA98F975}.Release|x86.ActiveCfg = Release|Any CPU
		{2EA50EA4-91BE-47DB-B7A6-32BE45A4BC8F}.Debug|Any CPU.ActiveCfg = Debug|Any CPU
		{2EA50EA4-91BE-47DB-B7A6-32BE45A4BC8F}.Debug|Any CPU.Build.0 = Debug|Any CPU
		{2EA50EA4-91BE-47DB-B7A6-32BE45A4BC8F}.Debug|Mixed Platforms.ActiveCfg = Debug|Any CPU
		{2EA50EA4-91BE-47DB-B7A6-32BE45A4BC8F}.Debug|Mixed Platforms.Build.0 = Debug|Any CPU
		{2EA50EA4-91BE-47DB-B7A6-32BE45A4BC8F}.Debug|x86.ActiveCfg = Debug|Any CPU
		{2EA50EA4-91BE-47DB-B7A6-32BE45A4BC8F}.GenerateDebug|Any CPU.ActiveCfg = Debug|Any CPU
		{2EA50EA4-91BE-47DB-B7A6-32BE45A4BC8F}.GenerateDebug|Any CPU.Build.0 = Debug|Any CPU
		{2EA50EA4-91BE-47DB-B7A6-32BE45A4BC8F}.GenerateDebug|Mixed Platforms.ActiveCfg = Debug|Any CPU
		{2EA50EA4-91BE-47DB-B7A6-32BE45A4BC8F}.GenerateDebug|Mixed Platforms.Build.0 = Debug|Any CPU
		{2EA50EA4-91BE-47DB-B7A6-32BE45A4BC8F}.GenerateDebug|x86.ActiveCfg = Debug|Any CPU
		{2EA50EA4-91BE-47DB-B7A6-32BE45A4BC8F}.Release|Any CPU.ActiveCfg = Release|Any CPU
		{2EA50EA4-91BE-47DB-B7A6-32BE45A4BC8F}.Release|Any CPU.Build.0 = Release|Any CPU
		{2EA50EA4-91BE-47DB-B7A6-32BE45A4BC8F}.Release|Mixed Platforms.ActiveCfg = Release|Any CPU
		{2EA50EA4-91BE-47DB-B7A6-32BE45A4BC8F}.Release|Mixed Platforms.Build.0 = Release|Any CPU
		{2EA50EA4-91BE-47DB-B7A6-32BE45A4BC8F}.Release|x86.ActiveCfg = Release|Any CPU
		{E41704D8-FFB8-462F-8FF9-DF315D39251A}.Debug|Any CPU.ActiveCfg = Debug|Any CPU
		{E41704D8-FFB8-462F-8FF9-DF315D39251A}.Debug|Any CPU.Build.0 = Debug|Any CPU
		{E41704D8-FFB8-462F-8FF9-DF315D39251A}.Debug|Mixed Platforms.ActiveCfg = Debug|Any CPU
		{E41704D8-FFB8-462F-8FF9-DF315D39251A}.Debug|Mixed Platforms.Build.0 = Debug|Any CPU
		{E41704D8-FFB8-462F-8FF9-DF315D39251A}.Debug|x86.ActiveCfg = Debug|Any CPU
		{E41704D8-FFB8-462F-8FF9-DF315D39251A}.GenerateDebug|Any CPU.ActiveCfg = Debug|Any CPU
		{E41704D8-FFB8-462F-8FF9-DF315D39251A}.GenerateDebug|Any CPU.Build.0 = Debug|Any CPU
		{E41704D8-FFB8-462F-8FF9-DF315D39251A}.GenerateDebug|Mixed Platforms.ActiveCfg = Debug|Any CPU
		{E41704D8-FFB8-462F-8FF9-DF315D39251A}.GenerateDebug|Mixed Platforms.Build.0 = Debug|Any CPU
		{E41704D8-FFB8-462F-8FF9-DF315D39251A}.GenerateDebug|x86.ActiveCfg = Debug|Any CPU
		{E41704D8-FFB8-462F-8FF9-DF315D39251A}.Release|Any CPU.ActiveCfg = Release|Any CPU
		{E41704D8-FFB8-462F-8FF9-DF315D39251A}.Release|Any CPU.Build.0 = Release|Any CPU
		{E41704D8-FFB8-462F-8FF9-DF315D39251A}.Release|Mixed Platforms.ActiveCfg = Release|Any CPU
		{E41704D8-FFB8-462F-8FF9-DF315D39251A}.Release|Mixed Platforms.Build.0 = Release|Any CPU
		{E41704D8-FFB8-462F-8FF9-DF315D39251A}.Release|x86.ActiveCfg = Release|Any CPU
		{387ADF5B-313B-4D1D-A6B8-3307AE14A494}.Debug|Any CPU.ActiveCfg = Debug|Any CPU
		{387ADF5B-313B-4D1D-A6B8-3307AE14A494}.Debug|Any CPU.Build.0 = Debug|Any CPU
		{387ADF5B-313B-4D1D-A6B8-3307AE14A494}.Debug|Mixed Platforms.ActiveCfg = Debug|Any CPU
		{387ADF5B-313B-4D1D-A6B8-3307AE14A494}.Debug|Mixed Platforms.Build.0 = Debug|Any CPU
		{387ADF5B-313B-4D1D-A6B8-3307AE14A494}.Debug|x86.ActiveCfg = Debug|Any CPU
		{387ADF5B-313B-4D1D-A6B8-3307AE14A494}.GenerateDebug|Any CPU.ActiveCfg = Debug|Any CPU
		{387ADF5B-313B-4D1D-A6B8-3307AE14A494}.GenerateDebug|Any CPU.Build.0 = Debug|Any CPU
		{387ADF5B-313B-4D1D-A6B8-3307AE14A494}.GenerateDebug|Mixed Platforms.ActiveCfg = Debug|Any CPU
		{387ADF5B-313B-4D1D-A6B8-3307AE14A494}.GenerateDebug|Mixed Platforms.Build.0 = Debug|Any CPU
		{387ADF5B-313B-4D1D-A6B8-3307AE14A494}.GenerateDebug|x86.ActiveCfg = Debug|Any CPU
		{387ADF5B-313B-4D1D-A6B8-3307AE14A494}.Release|Any CPU.ActiveCfg = Release|Any CPU
		{387ADF5B-313B-4D1D-A6B8-3307AE14A494}.Release|Mixed Platforms.ActiveCfg = Release|Any CPU
		{387ADF5B-313B-4D1D-A6B8-3307AE14A494}.Release|Mixed Platforms.Build.0 = Release|Any CPU
		{387ADF5B-313B-4D1D-A6B8-3307AE14A494}.Release|x86.ActiveCfg = Release|Any CPU
		{47FE3BE8-3E46-47CA-8494-473755867DD0}.Debug|Any CPU.ActiveCfg = Debug|Any CPU
		{47FE3BE8-3E46-47CA-8494-473755867DD0}.Debug|Any CPU.Build.0 = Debug|Any CPU
		{47FE3BE8-3E46-47CA-8494-473755867DD0}.Debug|Mixed Platforms.ActiveCfg = Debug|Any CPU
		{47FE3BE8-3E46-47CA-8494-473755867DD0}.Debug|Mixed Platforms.Build.0 = Debug|Any CPU
		{47FE3BE8-3E46-47CA-8494-473755867DD0}.Debug|x86.ActiveCfg = Debug|Any CPU
		{47FE3BE8-3E46-47CA-8494-473755867DD0}.GenerateDebug|Any CPU.ActiveCfg = GenerateDebug|Any CPU
		{47FE3BE8-3E46-47CA-8494-473755867DD0}.GenerateDebug|Any CPU.Build.0 = GenerateDebug|Any CPU
		{47FE3BE8-3E46-47CA-8494-473755867DD0}.GenerateDebug|Mixed Platforms.ActiveCfg = GenerateDebug|Any CPU
		{47FE3BE8-3E46-47CA-8494-473755867DD0}.GenerateDebug|Mixed Platforms.Build.0 = GenerateDebug|Any CPU
		{47FE3BE8-3E46-47CA-8494-473755867DD0}.GenerateDebug|x86.ActiveCfg = GenerateDebug|Any CPU
		{47FE3BE8-3E46-47CA-8494-473755867DD0}.Release|Any CPU.ActiveCfg = Release|Any CPU
		{47FE3BE8-3E46-47CA-8494-473755867DD0}.Release|Any CPU.Build.0 = Release|Any CPU
		{47FE3BE8-3E46-47CA-8494-473755867DD0}.Release|Mixed Platforms.ActiveCfg = Release|Any CPU
		{47FE3BE8-3E46-47CA-8494-473755867DD0}.Release|Mixed Platforms.Build.0 = Release|Any CPU
		{47FE3BE8-3E46-47CA-8494-473755867DD0}.Release|x86.ActiveCfg = Release|Any CPU
		{B3734779-3B22-4742-AACD-32D55F3A1C37}.Debug|Any CPU.ActiveCfg = Debug|Any CPU
		{B3734779-3B22-4742-AACD-32D55F3A1C37}.Debug|Any CPU.Build.0 = Debug|Any CPU
		{B3734779-3B22-4742-AACD-32D55F3A1C37}.Debug|Mixed Platforms.ActiveCfg = Debug|Any CPU
		{B3734779-3B22-4742-AACD-32D55F3A1C37}.Debug|Mixed Platforms.Build.0 = Debug|Any CPU
		{B3734779-3B22-4742-AACD-32D55F3A1C37}.Debug|x86.ActiveCfg = Debug|Any CPU
		{B3734779-3B22-4742-AACD-32D55F3A1C37}.GenerateDebug|Any CPU.ActiveCfg = Debug|Any CPU
		{B3734779-3B22-4742-AACD-32D55F3A1C37}.GenerateDebug|Any CPU.Build.0 = Debug|Any CPU
		{B3734779-3B22-4742-AACD-32D55F3A1C37}.GenerateDebug|Mixed Platforms.ActiveCfg = Debug|Any CPU
		{B3734779-3B22-4742-AACD-32D55F3A1C37}.GenerateDebug|Mixed Platforms.Build.0 = Debug|Any CPU
		{B3734779-3B22-4742-AACD-32D55F3A1C37}.GenerateDebug|x86.ActiveCfg = Debug|Any CPU
		{B3734779-3B22-4742-AACD-32D55F3A1C37}.Release|Any CPU.ActiveCfg = Release|Any CPU
		{B3734779-3B22-4742-AACD-32D55F3A1C37}.Release|Any CPU.Build.0 = Release|Any CPU
		{B3734779-3B22-4742-AACD-32D55F3A1C37}.Release|Mixed Platforms.ActiveCfg = Release|Any CPU
		{B3734779-3B22-4742-AACD-32D55F3A1C37}.Release|Mixed Platforms.Build.0 = Release|Any CPU
		{B3734779-3B22-4742-AACD-32D55F3A1C37}.Release|x86.ActiveCfg = Release|Any CPU
		{CB8D0BA0-DE95-4EC0-A108-31DEDE258317}.Debug|Any CPU.ActiveCfg = Debug|Any CPU
		{CB8D0BA0-DE95-4EC0-A108-31DEDE258317}.Debug|Any CPU.Build.0 = Debug|Any CPU
		{CB8D0BA0-DE95-4EC0-A108-31DEDE258317}.Debug|Mixed Platforms.ActiveCfg = Debug|Any CPU
		{CB8D0BA0-DE95-4EC0-A108-31DEDE258317}.Debug|Mixed Platforms.Build.0 = Debug|Any CPU
		{CB8D0BA0-DE95-4EC0-A108-31DEDE258317}.Debug|x86.ActiveCfg = Debug|Any CPU
		{CB8D0BA0-DE95-4EC0-A108-31DEDE258317}.GenerateDebug|Any CPU.ActiveCfg = Debug|Any CPU
		{CB8D0BA0-DE95-4EC0-A108-31DEDE258317}.GenerateDebug|Any CPU.Build.0 = Debug|Any CPU
		{CB8D0BA0-DE95-4EC0-A108-31DEDE258317}.GenerateDebug|Mixed Platforms.ActiveCfg = Debug|Any CPU
		{CB8D0BA0-DE95-4EC0-A108-31DEDE258317}.GenerateDebug|Mixed Platforms.Build.0 = Debug|Any CPU
		{CB8D0BA0-DE95-4EC0-A108-31DEDE258317}.GenerateDebug|x86.ActiveCfg = Debug|Any CPU
		{CB8D0BA0-DE95-4EC0-A108-31DEDE258317}.Release|Any CPU.ActiveCfg = Release|Any CPU
		{CB8D0BA0-DE95-4EC0-A108-31DEDE258317}.Release|Any CPU.Build.0 = Release|Any CPU
		{CB8D0BA0-DE95-4EC0-A108-31DEDE258317}.Release|Mixed Platforms.ActiveCfg = Release|Any CPU
		{CB8D0BA0-DE95-4EC0-A108-31DEDE258317}.Release|Mixed Platforms.Build.0 = Release|Any CPU
		{CB8D0BA0-DE95-4EC0-A108-31DEDE258317}.Release|x86.ActiveCfg = Release|Any CPU
		{E0D66A76-9181-404E-AB6E-F11ECFC108CB}.Debug|Any CPU.ActiveCfg = Debug|Any CPU
		{E0D66A76-9181-404E-AB6E-F11ECFC108CB}.Debug|Any CPU.Build.0 = Debug|Any CPU
		{E0D66A76-9181-404E-AB6E-F11ECFC108CB}.Debug|Mixed Platforms.ActiveCfg = Debug|Any CPU
		{E0D66A76-9181-404E-AB6E-F11ECFC108CB}.Debug|Mixed Platforms.Build.0 = Debug|Any CPU
		{E0D66A76-9181-404E-AB6E-F11ECFC108CB}.Debug|x86.ActiveCfg = Debug|Any CPU
		{E0D66A76-9181-404E-AB6E-F11ECFC108CB}.GenerateDebug|Any CPU.ActiveCfg = Debug|Any CPU
		{E0D66A76-9181-404E-AB6E-F11ECFC108CB}.GenerateDebug|Any CPU.Build.0 = Debug|Any CPU
		{E0D66A76-9181-404E-AB6E-F11ECFC108CB}.GenerateDebug|Mixed Platforms.ActiveCfg = Debug|Any CPU
		{E0D66A76-9181-404E-AB6E-F11ECFC108CB}.GenerateDebug|Mixed Platforms.Build.0 = Debug|Any CPU
		{E0D66A76-9181-404E-AB6E-F11ECFC108CB}.GenerateDebug|x86.ActiveCfg = Debug|Any CPU
		{E0D66A76-9181-404E-AB6E-F11ECFC108CB}.Release|Any CPU.ActiveCfg = Release|Any CPU
		{E0D66A76-9181-404E-AB6E-F11ECFC108CB}.Release|Mixed Platforms.ActiveCfg = Release|Any CPU
		{E0D66A76-9181-404E-AB6E-F11ECFC108CB}.Release|Mixed Platforms.Build.0 = Release|Any CPU
		{E0D66A76-9181-404E-AB6E-F11ECFC108CB}.Release|x86.ActiveCfg = Release|Any CPU
		{DD591430-19F4-42CC-8108-04C149B16B6D}.Debug|Any CPU.ActiveCfg = Debug|x86
		{DD591430-19F4-42CC-8108-04C149B16B6D}.Debug|Mixed Platforms.ActiveCfg = Debug|x86
		{DD591430-19F4-42CC-8108-04C149B16B6D}.Debug|x86.ActiveCfg = Debug|x86
		{DD591430-19F4-42CC-8108-04C149B16B6D}.Debug|x86.Build.0 = Debug|x86
		{DD591430-19F4-42CC-8108-04C149B16B6D}.GenerateDebug|Any CPU.ActiveCfg = Debug|x86
		{DD591430-19F4-42CC-8108-04C149B16B6D}.GenerateDebug|Mixed Platforms.ActiveCfg = Debug|x86
		{DD591430-19F4-42CC-8108-04C149B16B6D}.GenerateDebug|Mixed Platforms.Build.0 = Debug|x86
		{DD591430-19F4-42CC-8108-04C149B16B6D}.GenerateDebug|x86.ActiveCfg = Debug|x86
		{DD591430-19F4-42CC-8108-04C149B16B6D}.GenerateDebug|x86.Build.0 = Debug|x86
		{DD591430-19F4-42CC-8108-04C149B16B6D}.Release|Any CPU.ActiveCfg = Release|x86
		{DD591430-19F4-42CC-8108-04C149B16B6D}.Release|Mixed Platforms.ActiveCfg = Release|x86
		{DD591430-19F4-42CC-8108-04C149B16B6D}.Release|Mixed Platforms.Build.0 = Release|x86
		{DD591430-19F4-42CC-8108-04C149B16B6D}.Release|x86.ActiveCfg = Release|x86
		{DD591430-19F4-42CC-8108-04C149B16B6D}.Release|x86.Build.0 = Release|x86
		{F70A3A5A-6154-413B-BD16-5DC05C62AFF0}.Debug|Any CPU.ActiveCfg = Debug|x86
		{F70A3A5A-6154-413B-BD16-5DC05C62AFF0}.Debug|Mixed Platforms.ActiveCfg = Debug|x86
		{F70A3A5A-6154-413B-BD16-5DC05C62AFF0}.Debug|x86.ActiveCfg = Debug|x86
		{F70A3A5A-6154-413B-BD16-5DC05C62AFF0}.Debug|x86.Build.0 = Debug|x86
		{F70A3A5A-6154-413B-BD16-5DC05C62AFF0}.GenerateDebug|Any CPU.ActiveCfg = Debug|x86
		{F70A3A5A-6154-413B-BD16-5DC05C62AFF0}.GenerateDebug|Mixed Platforms.ActiveCfg = Debug|x86
		{F70A3A5A-6154-413B-BD16-5DC05C62AFF0}.GenerateDebug|Mixed Platforms.Build.0 = Debug|x86
		{F70A3A5A-6154-413B-BD16-5DC05C62AFF0}.GenerateDebug|x86.ActiveCfg = Debug|x86
		{F70A3A5A-6154-413B-BD16-5DC05C62AFF0}.GenerateDebug|x86.Build.0 = Debug|x86
		{F70A3A5A-6154-413B-BD16-5DC05C62AFF0}.Release|Any CPU.ActiveCfg = Release|x86
		{F70A3A5A-6154-413B-BD16-5DC05C62AFF0}.Release|Mixed Platforms.ActiveCfg = Release|x86
		{F70A3A5A-6154-413B-BD16-5DC05C62AFF0}.Release|Mixed Platforms.Build.0 = Release|x86
		{F70A3A5A-6154-413B-BD16-5DC05C62AFF0}.Release|x86.ActiveCfg = Release|x86
		{F70A3A5A-6154-413B-BD16-5DC05C62AFF0}.Release|x86.Build.0 = Release|x86
		{C1E3E75C-7C54-4546-A1FC-B70ED7A2C4F8}.Debug|Any CPU.ActiveCfg = Debug|Any CPU
		{C1E3E75C-7C54-4546-A1FC-B70ED7A2C4F8}.Debug|Any CPU.Build.0 = Debug|Any CPU
		{C1E3E75C-7C54-4546-A1FC-B70ED7A2C4F8}.Debug|Mixed Platforms.ActiveCfg = Debug|Any CPU
		{C1E3E75C-7C54-4546-A1FC-B70ED7A2C4F8}.Debug|Mixed Platforms.Build.0 = Debug|Any CPU
		{C1E3E75C-7C54-4546-A1FC-B70ED7A2C4F8}.Debug|x86.ActiveCfg = Debug|Any CPU
		{C1E3E75C-7C54-4546-A1FC-B70ED7A2C4F8}.GenerateDebug|Any CPU.ActiveCfg = Debug|Any CPU
		{C1E3E75C-7C54-4546-A1FC-B70ED7A2C4F8}.GenerateDebug|Any CPU.Build.0 = Debug|Any CPU
		{C1E3E75C-7C54-4546-A1FC-B70ED7A2C4F8}.GenerateDebug|Mixed Platforms.ActiveCfg = Debug|Any CPU
		{C1E3E75C-7C54-4546-A1FC-B70ED7A2C4F8}.GenerateDebug|Mixed Platforms.Build.0 = Debug|Any CPU
		{C1E3E75C-7C54-4546-A1FC-B70ED7A2C4F8}.GenerateDebug|x86.ActiveCfg = Debug|Any CPU
		{C1E3E75C-7C54-4546-A1FC-B70ED7A2C4F8}.Release|Any CPU.ActiveCfg = Release|Any CPU
		{C1E3E75C-7C54-4546-A1FC-B70ED7A2C4F8}.Release|Any CPU.Build.0 = Release|Any CPU
		{C1E3E75C-7C54-4546-A1FC-B70ED7A2C4F8}.Release|Mixed Platforms.ActiveCfg = Release|Any CPU
		{C1E3E75C-7C54-4546-A1FC-B70ED7A2C4F8}.Release|Mixed Platforms.Build.0 = Release|Any CPU
		{C1E3E75C-7C54-4546-A1FC-B70ED7A2C4F8}.Release|x86.ActiveCfg = Release|Any CPU
		{E74ECE7C-A095-4B86-B158-3C7FDB7DE760}.Debug|Any CPU.ActiveCfg = Debug|x86
		{E74ECE7C-A095-4B86-B158-3C7FDB7DE760}.Debug|Mixed Platforms.ActiveCfg = Debug|x86
		{E74ECE7C-A095-4B86-B158-3C7FDB7DE760}.Debug|x86.ActiveCfg = Debug|x86
		{E74ECE7C-A095-4B86-B158-3C7FDB7DE760}.Debug|x86.Build.0 = Debug|x86
		{E74ECE7C-A095-4B86-B158-3C7FDB7DE760}.GenerateDebug|Any CPU.ActiveCfg = Debug|x86
		{E74ECE7C-A095-4B86-B158-3C7FDB7DE760}.GenerateDebug|Mixed Platforms.ActiveCfg = Debug|x86
		{E74ECE7C-A095-4B86-B158-3C7FDB7DE760}.GenerateDebug|Mixed Platforms.Build.0 = Debug|x86
		{E74ECE7C-A095-4B86-B158-3C7FDB7DE760}.GenerateDebug|x86.ActiveCfg = Debug|x86
		{E74ECE7C-A095-4B86-B158-3C7FDB7DE760}.GenerateDebug|x86.Build.0 = Debug|x86
		{E74ECE7C-A095-4B86-B158-3C7FDB7DE760}.Release|Any CPU.ActiveCfg = Release|x86
		{E74ECE7C-A095-4B86-B158-3C7FDB7DE760}.Release|Mixed Platforms.ActiveCfg = Release|x86
		{E74ECE7C-A095-4B86-B158-3C7FDB7DE760}.Release|Mixed Platforms.Build.0 = Release|x86
		{E74ECE7C-A095-4B86-B158-3C7FDB7DE760}.Release|x86.ActiveCfg = Release|x86
		{E74ECE7C-A095-4B86-B158-3C7FDB7DE760}.Release|x86.Build.0 = Release|x86
		{08EACA40-0B2C-4FB3-87CB-4F5880D289B5}.Debug|Any CPU.ActiveCfg = Debug|Any CPU
		{08EACA40-0B2C-4FB3-87CB-4F5880D289B5}.Debug|Any CPU.Build.0 = Debug|Any CPU
		{08EACA40-0B2C-4FB3-87CB-4F5880D289B5}.Debug|Mixed Platforms.ActiveCfg = Debug|Any CPU
		{08EACA40-0B2C-4FB3-87CB-4F5880D289B5}.Debug|Mixed Platforms.Build.0 = Debug|Any CPU
		{08EACA40-0B2C-4FB3-87CB-4F5880D289B5}.Debug|x86.ActiveCfg = Debug|Any CPU
		{08EACA40-0B2C-4FB3-87CB-4F5880D289B5}.GenerateDebug|Any CPU.ActiveCfg = Debug|Any CPU
		{08EACA40-0B2C-4FB3-87CB-4F5880D289B5}.GenerateDebug|Any CPU.Build.0 = Debug|Any CPU
		{08EACA40-0B2C-4FB3-87CB-4F5880D289B5}.GenerateDebug|Mixed Platforms.ActiveCfg = Debug|Any CPU
		{08EACA40-0B2C-4FB3-87CB-4F5880D289B5}.GenerateDebug|Mixed Platforms.Build.0 = Debug|Any CPU
		{08EACA40-0B2C-4FB3-87CB-4F5880D289B5}.GenerateDebug|x86.ActiveCfg = Debug|Any CPU
		{08EACA40-0B2C-4FB3-87CB-4F5880D289B5}.Release|Any CPU.ActiveCfg = Release|Any CPU
		{08EACA40-0B2C-4FB3-87CB-4F5880D289B5}.Release|Any CPU.Build.0 = Release|Any CPU
		{08EACA40-0B2C-4FB3-87CB-4F5880D289B5}.Release|Mixed Platforms.ActiveCfg = Release|Any CPU
		{08EACA40-0B2C-4FB3-87CB-4F5880D289B5}.Release|Mixed Platforms.Build.0 = Release|Any CPU
		{08EACA40-0B2C-4FB3-87CB-4F5880D289B5}.Release|x86.ActiveCfg = Release|Any CPU
		{B6568DDF-D344-40BB-9E7C-80C8EA1C85A4}.Debug|Any CPU.ActiveCfg = Debug|x86
		{B6568DDF-D344-40BB-9E7C-80C8EA1C85A4}.Debug|Mixed Platforms.ActiveCfg = Debug|x86
		{B6568DDF-D344-40BB-9E7C-80C8EA1C85A4}.Debug|x86.ActiveCfg = Debug|x86
		{B6568DDF-D344-40BB-9E7C-80C8EA1C85A4}.Debug|x86.Build.0 = Debug|x86
		{B6568DDF-D344-40BB-9E7C-80C8EA1C85A4}.GenerateDebug|Any CPU.ActiveCfg = Debug|x86
		{B6568DDF-D344-40BB-9E7C-80C8EA1C85A4}.GenerateDebug|Mixed Platforms.ActiveCfg = Debug|x86
		{B6568DDF-D344-40BB-9E7C-80C8EA1C85A4}.GenerateDebug|Mixed Platforms.Build.0 = Debug|x86
		{B6568DDF-D344-40BB-9E7C-80C8EA1C85A4}.GenerateDebug|x86.ActiveCfg = Debug|x86
		{B6568DDF-D344-40BB-9E7C-80C8EA1C85A4}.GenerateDebug|x86.Build.0 = Debug|x86
		{B6568DDF-D344-40BB-9E7C-80C8EA1C85A4}.Release|Any CPU.ActiveCfg = Release|x86
		{B6568DDF-D344-40BB-9E7C-80C8EA1C85A4}.Release|Mixed Platforms.ActiveCfg = Release|x86
		{B6568DDF-D344-40BB-9E7C-80C8EA1C85A4}.Release|Mixed Platforms.Build.0 = Release|x86
		{B6568DDF-D344-40BB-9E7C-80C8EA1C85A4}.Release|x86.ActiveCfg = Release|x86
		{B6568DDF-D344-40BB-9E7C-80C8EA1C85A4}.Release|x86.Build.0 = Release|x86
		{CA131BB3-941F-4497-9DD5-BB365F76A6A9}.Debug|Any CPU.ActiveCfg = Debug|x86
		{CA131BB3-941F-4497-9DD5-BB365F76A6A9}.Debug|Mixed Platforms.ActiveCfg = Debug|x86
		{CA131BB3-941F-4497-9DD5-BB365F76A6A9}.Debug|x86.ActiveCfg = Debug|x86
		{CA131BB3-941F-4497-9DD5-BB365F76A6A9}.Debug|x86.Build.0 = Debug|x86
		{CA131BB3-941F-4497-9DD5-BB365F76A6A9}.GenerateDebug|Any CPU.ActiveCfg = Debug|x86
		{CA131BB3-941F-4497-9DD5-BB365F76A6A9}.GenerateDebug|Mixed Platforms.ActiveCfg = Debug|x86
		{CA131BB3-941F-4497-9DD5-BB365F76A6A9}.GenerateDebug|Mixed Platforms.Build.0 = Debug|x86
		{CA131BB3-941F-4497-9DD5-BB365F76A6A9}.GenerateDebug|x86.ActiveCfg = Debug|x86
		{CA131BB3-941F-4497-9DD5-BB365F76A6A9}.GenerateDebug|x86.Build.0 = Debug|x86
		{CA131BB3-941F-4497-9DD5-BB365F76A6A9}.Release|Any CPU.ActiveCfg = Release|x86
		{CA131BB3-941F-4497-9DD5-BB365F76A6A9}.Release|Mixed Platforms.ActiveCfg = Release|x86
		{CA131BB3-941F-4497-9DD5-BB365F76A6A9}.Release|Mixed Platforms.Build.0 = Release|x86
		{CA131BB3-941F-4497-9DD5-BB365F76A6A9}.Release|x86.ActiveCfg = Release|x86
		{CA131BB3-941F-4497-9DD5-BB365F76A6A9}.Release|x86.Build.0 = Release|x86
		{2CDBC72F-8E33-4C86-9BE5-54FEDAA64291}.Debug|Any CPU.ActiveCfg = Debug|Any CPU
		{2CDBC72F-8E33-4C86-9BE5-54FEDAA64291}.Debug|Mixed Platforms.ActiveCfg = Debug|Any CPU
		{2CDBC72F-8E33-4C86-9BE5-54FEDAA64291}.Debug|x86.ActiveCfg = Debug|Any CPU
		{2CDBC72F-8E33-4C86-9BE5-54FEDAA64291}.GenerateDebug|Any CPU.ActiveCfg = Debug|Any CPU
		{2CDBC72F-8E33-4C86-9BE5-54FEDAA64291}.GenerateDebug|Any CPU.Build.0 = Debug|Any CPU
		{2CDBC72F-8E33-4C86-9BE5-54FEDAA64291}.GenerateDebug|Any CPU.Deploy.0 = Debug|Any CPU
		{2CDBC72F-8E33-4C86-9BE5-54FEDAA64291}.GenerateDebug|Mixed Platforms.ActiveCfg = Debug|Any CPU
		{2CDBC72F-8E33-4C86-9BE5-54FEDAA64291}.GenerateDebug|Mixed Platforms.Build.0 = Debug|Any CPU
		{2CDBC72F-8E33-4C86-9BE5-54FEDAA64291}.GenerateDebug|Mixed Platforms.Deploy.0 = Debug|Any CPU
		{2CDBC72F-8E33-4C86-9BE5-54FEDAA64291}.GenerateDebug|x86.ActiveCfg = Debug|Any CPU
		{2CDBC72F-8E33-4C86-9BE5-54FEDAA64291}.Release|Any CPU.ActiveCfg = Release|Any CPU
		{2CDBC72F-8E33-4C86-9BE5-54FEDAA64291}.Release|Mixed Platforms.ActiveCfg = Release|Any CPU
		{2CDBC72F-8E33-4C86-9BE5-54FEDAA64291}.Release|Mixed Platforms.Build.0 = Release|Any CPU
		{2CDBC72F-8E33-4C86-9BE5-54FEDAA64291}.Release|Mixed Platforms.Deploy.0 = Release|Any CPU
		{2CDBC72F-8E33-4C86-9BE5-54FEDAA64291}.Release|x86.ActiveCfg = Release|Any CPU
		{EB63F5FF-DA51-484F-BA00-124D4477D434}.Debug|Any CPU.ActiveCfg = Debug|x86
		{EB63F5FF-DA51-484F-BA00-124D4477D434}.Debug|Mixed Platforms.ActiveCfg = Debug|x86
		{EB63F5FF-DA51-484F-BA00-124D4477D434}.Debug|x86.ActiveCfg = Debug|x86
		{EB63F5FF-DA51-484F-BA00-124D4477D434}.Debug|x86.Build.0 = Debug|x86
		{EB63F5FF-DA51-484F-BA00-124D4477D434}.GenerateDebug|Any CPU.ActiveCfg = Debug|x86
		{EB63F5FF-DA51-484F-BA00-124D4477D434}.GenerateDebug|Mixed Platforms.ActiveCfg = Debug|x86
		{EB63F5FF-DA51-484F-BA00-124D4477D434}.GenerateDebug|Mixed Platforms.Build.0 = Debug|x86
		{EB63F5FF-DA51-484F-BA00-124D4477D434}.GenerateDebug|x86.ActiveCfg = Debug|x86
		{EB63F5FF-DA51-484F-BA00-124D4477D434}.GenerateDebug|x86.Build.0 = Debug|x86
		{EB63F5FF-DA51-484F-BA00-124D4477D434}.Release|Any CPU.ActiveCfg = Release|x86
		{EB63F5FF-DA51-484F-BA00-124D4477D434}.Release|Mixed Platforms.ActiveCfg = Release|x86
		{EB63F5FF-DA51-484F-BA00-124D4477D434}.Release|Mixed Platforms.Build.0 = Release|x86
		{EB63F5FF-DA51-484F-BA00-124D4477D434}.Release|x86.ActiveCfg = Release|x86
		{EB63F5FF-DA51-484F-BA00-124D4477D434}.Release|x86.Build.0 = Release|x86
		{66217931-D635-4CA4-A988-70D07F6B3C54}.Debug|Any CPU.ActiveCfg = Debug|x86
		{66217931-D635-4CA4-A988-70D07F6B3C54}.Debug|Mixed Platforms.ActiveCfg = Debug|x86
		{66217931-D635-4CA4-A988-70D07F6B3C54}.Debug|Mixed Platforms.Build.0 = Debug|x86
		{66217931-D635-4CA4-A988-70D07F6B3C54}.Debug|x86.ActiveCfg = Debug|x86
		{66217931-D635-4CA4-A988-70D07F6B3C54}.Debug|x86.Build.0 = Debug|x86
		{66217931-D635-4CA4-A988-70D07F6B3C54}.GenerateDebug|Any CPU.ActiveCfg = Debug|x86
		{66217931-D635-4CA4-A988-70D07F6B3C54}.GenerateDebug|Mixed Platforms.ActiveCfg = Debug|x86
		{66217931-D635-4CA4-A988-70D07F6B3C54}.GenerateDebug|Mixed Platforms.Build.0 = Debug|x86
		{66217931-D635-4CA4-A988-70D07F6B3C54}.GenerateDebug|x86.ActiveCfg = Debug|x86
		{66217931-D635-4CA4-A988-70D07F6B3C54}.GenerateDebug|x86.Build.0 = Debug|x86
		{66217931-D635-4CA4-A988-70D07F6B3C54}.Release|Any CPU.ActiveCfg = Release|x86
		{66217931-D635-4CA4-A988-70D07F6B3C54}.Release|Mixed Platforms.ActiveCfg = Release|x86
		{66217931-D635-4CA4-A988-70D07F6B3C54}.Release|Mixed Platforms.Build.0 = Release|x86
		{66217931-D635-4CA4-A988-70D07F6B3C54}.Release|x86.ActiveCfg = Release|x86
		{66217931-D635-4CA4-A988-70D07F6B3C54}.Release|x86.Build.0 = Release|x86
		{EE0FDEA0-348F-43A9-8378-C5DD937BBCA5}.Debug|Any CPU.ActiveCfg = Debug|x86
		{EE0FDEA0-348F-43A9-8378-C5DD937BBCA5}.Debug|Any CPU.Build.0 = Debug|x86
		{EE0FDEA0-348F-43A9-8378-C5DD937BBCA5}.Debug|Mixed Platforms.ActiveCfg = Debug|x86
		{EE0FDEA0-348F-43A9-8378-C5DD937BBCA5}.Debug|Mixed Platforms.Build.0 = Debug|x86
		{EE0FDEA0-348F-43A9-8378-C5DD937BBCA5}.Debug|x86.ActiveCfg = Debug|x86
		{EE0FDEA0-348F-43A9-8378-C5DD937BBCA5}.Debug|x86.Build.0 = Debug|x86
		{EE0FDEA0-348F-43A9-8378-C5DD937BBCA5}.GenerateDebug|Any CPU.ActiveCfg = Debug|x86
		{EE0FDEA0-348F-43A9-8378-C5DD937BBCA5}.GenerateDebug|Mixed Platforms.ActiveCfg = Debug|x86
		{EE0FDEA0-348F-43A9-8378-C5DD937BBCA5}.GenerateDebug|Mixed Platforms.Build.0 = Debug|x86
		{EE0FDEA0-348F-43A9-8378-C5DD937BBCA5}.GenerateDebug|x86.ActiveCfg = Debug|x86
		{EE0FDEA0-348F-43A9-8378-C5DD937BBCA5}.GenerateDebug|x86.Build.0 = Debug|x86
		{EE0FDEA0-348F-43A9-8378-C5DD937BBCA5}.Release|Any CPU.ActiveCfg = Release|x86
		{EE0FDEA0-348F-43A9-8378-C5DD937BBCA5}.Release|Mixed Platforms.ActiveCfg = Release|x86
		{EE0FDEA0-348F-43A9-8378-C5DD937BBCA5}.Release|Mixed Platforms.Build.0 = Release|x86
		{EE0FDEA0-348F-43A9-8378-C5DD937BBCA5}.Release|x86.ActiveCfg = Release|x86
		{EE0FDEA0-348F-43A9-8378-C5DD937BBCA5}.Release|x86.Build.0 = Release|x86
		{144BF37F-5B8A-4ABC-AAF8-5E6D6DFE06C0}.Debug|Any CPU.ActiveCfg = Debug|x86
		{144BF37F-5B8A-4ABC-AAF8-5E6D6DFE06C0}.Debug|Mixed Platforms.ActiveCfg = Debug|x86
		{144BF37F-5B8A-4ABC-AAF8-5E6D6DFE06C0}.Debug|Mixed Platforms.Build.0 = Debug|x86
		{144BF37F-5B8A-4ABC-AAF8-5E6D6DFE06C0}.Debug|x86.ActiveCfg = Debug|x86
		{144BF37F-5B8A-4ABC-AAF8-5E6D6DFE06C0}.Debug|x86.Build.0 = Debug|x86
		{144BF37F-5B8A-4ABC-AAF8-5E6D6DFE06C0}.GenerateDebug|Any CPU.ActiveCfg = Debug|x86
		{144BF37F-5B8A-4ABC-AAF8-5E6D6DFE06C0}.GenerateDebug|Mixed Platforms.ActiveCfg = Debug|x86
		{144BF37F-5B8A-4ABC-AAF8-5E6D6DFE06C0}.GenerateDebug|Mixed Platforms.Build.0 = Debug|x86
		{144BF37F-5B8A-4ABC-AAF8-5E6D6DFE06C0}.GenerateDebug|x86.ActiveCfg = Debug|x86
		{144BF37F-5B8A-4ABC-AAF8-5E6D6DFE06C0}.GenerateDebug|x86.Build.0 = Debug|x86
		{144BF37F-5B8A-4ABC-AAF8-5E6D6DFE06C0}.Release|Any CPU.ActiveCfg = Release|x86
		{144BF37F-5B8A-4ABC-AAF8-5E6D6DFE06C0}.Release|Mixed Platforms.ActiveCfg = Release|x86
		{144BF37F-5B8A-4ABC-AAF8-5E6D6DFE06C0}.Release|Mixed Platforms.Build.0 = Release|x86
		{144BF37F-5B8A-4ABC-AAF8-5E6D6DFE06C0}.Release|x86.ActiveCfg = Release|x86
		{144BF37F-5B8A-4ABC-AAF8-5E6D6DFE06C0}.Release|x86.Build.0 = Release|x86
		{D3536A93-246F-4C9B-AF5D-40EAC86233E9}.Debug|Any CPU.ActiveCfg = Debug|x86
		{D3536A93-246F-4C9B-AF5D-40EAC86233E9}.Debug|Mixed Platforms.ActiveCfg = Debug|x86
		{D3536A93-246F-4C9B-AF5D-40EAC86233E9}.Debug|Mixed Platforms.Build.0 = Debug|x86
		{D3536A93-246F-4C9B-AF5D-40EAC86233E9}.Debug|x86.ActiveCfg = Debug|x86
		{D3536A93-246F-4C9B-AF5D-40EAC86233E9}.Debug|x86.Build.0 = Debug|x86
		{D3536A93-246F-4C9B-AF5D-40EAC86233E9}.GenerateDebug|Any CPU.ActiveCfg = Debug|x86
		{D3536A93-246F-4C9B-AF5D-40EAC86233E9}.GenerateDebug|Mixed Platforms.ActiveCfg = Debug|x86
		{D3536A93-246F-4C9B-AF5D-40EAC86233E9}.GenerateDebug|Mixed Platforms.Build.0 = Debug|x86
		{D3536A93-246F-4C9B-AF5D-40EAC86233E9}.GenerateDebug|x86.ActiveCfg = Debug|x86
		{D3536A93-246F-4C9B-AF5D-40EAC86233E9}.GenerateDebug|x86.Build.0 = Debug|x86
		{D3536A93-246F-4C9B-AF5D-40EAC86233E9}.Release|Any CPU.ActiveCfg = Release|x86
		{D3536A93-246F-4C9B-AF5D-40EAC86233E9}.Release|Mixed Platforms.ActiveCfg = Release|x86
		{D3536A93-246F-4C9B-AF5D-40EAC86233E9}.Release|Mixed Platforms.Build.0 = Release|x86
		{D3536A93-246F-4C9B-AF5D-40EAC86233E9}.Release|x86.ActiveCfg = Release|x86
		{D3536A93-246F-4C9B-AF5D-40EAC86233E9}.Release|x86.Build.0 = Release|x86
		{33BC1834-7DAD-4857-8E54-C83B39816422}.Debug|Any CPU.ActiveCfg = Debug|x86
		{33BC1834-7DAD-4857-8E54-C83B39816422}.Debug|Mixed Platforms.ActiveCfg = Debug|x86
		{33BC1834-7DAD-4857-8E54-C83B39816422}.Debug|x86.ActiveCfg = Debug|x86
		{33BC1834-7DAD-4857-8E54-C83B39816422}.Debug|x86.Build.0 = Debug|x86
		{33BC1834-7DAD-4857-8E54-C83B39816422}.GenerateDebug|Any CPU.ActiveCfg = Debug|x86
		{33BC1834-7DAD-4857-8E54-C83B39816422}.GenerateDebug|Mixed Platforms.ActiveCfg = Debug|x86
		{33BC1834-7DAD-4857-8E54-C83B39816422}.GenerateDebug|Mixed Platforms.Build.0 = Debug|x86
		{33BC1834-7DAD-4857-8E54-C83B39816422}.GenerateDebug|x86.ActiveCfg = Debug|x86
		{33BC1834-7DAD-4857-8E54-C83B39816422}.GenerateDebug|x86.Build.0 = Debug|x86
		{33BC1834-7DAD-4857-8E54-C83B39816422}.Release|Any CPU.ActiveCfg = Release|x86
		{33BC1834-7DAD-4857-8E54-C83B39816422}.Release|Mixed Platforms.ActiveCfg = Release|x86
		{33BC1834-7DAD-4857-8E54-C83B39816422}.Release|Mixed Platforms.Build.0 = Release|x86
		{33BC1834-7DAD-4857-8E54-C83B39816422}.Release|x86.ActiveCfg = Release|x86
		{33BC1834-7DAD-4857-8E54-C83B39816422}.Release|x86.Build.0 = Release|x86
		{8E688AB0-7F84-4204-9A07-3EE31C750EC8}.Debug|Any CPU.ActiveCfg = Debug|x86
		{8E688AB0-7F84-4204-9A07-3EE31C750EC8}.Debug|Mixed Platforms.ActiveCfg = Debug|x86
		{8E688AB0-7F84-4204-9A07-3EE31C750EC8}.Debug|Mixed Platforms.Build.0 = Debug|x86
		{8E688AB0-7F84-4204-9A07-3EE31C750EC8}.Debug|x86.ActiveCfg = Debug|x86
		{8E688AB0-7F84-4204-9A07-3EE31C750EC8}.Debug|x86.Build.0 = Debug|x86
		{8E688AB0-7F84-4204-9A07-3EE31C750EC8}.GenerateDebug|Any CPU.ActiveCfg = Debug|x86
		{8E688AB0-7F84-4204-9A07-3EE31C750EC8}.GenerateDebug|Mixed Platforms.ActiveCfg = Debug|x86
		{8E688AB0-7F84-4204-9A07-3EE31C750EC8}.GenerateDebug|Mixed Platforms.Build.0 = Debug|x86
		{8E688AB0-7F84-4204-9A07-3EE31C750EC8}.GenerateDebug|x86.ActiveCfg = Debug|x86
		{8E688AB0-7F84-4204-9A07-3EE31C750EC8}.GenerateDebug|x86.Build.0 = Debug|x86
		{8E688AB0-7F84-4204-9A07-3EE31C750EC8}.Release|Any CPU.ActiveCfg = Release|x86
		{8E688AB0-7F84-4204-9A07-3EE31C750EC8}.Release|Mixed Platforms.ActiveCfg = Release|x86
		{8E688AB0-7F84-4204-9A07-3EE31C750EC8}.Release|Mixed Platforms.Build.0 = Release|x86
		{8E688AB0-7F84-4204-9A07-3EE31C750EC8}.Release|x86.ActiveCfg = Release|x86
		{8E688AB0-7F84-4204-9A07-3EE31C750EC8}.Release|x86.Build.0 = Release|x86
		{9438CF1F-5026-45AE-A25D-A0DE9FD9B3C4}.Debug|Any CPU.ActiveCfg = Debug|x86
		{9438CF1F-5026-45AE-A25D-A0DE9FD9B3C4}.Debug|Mixed Platforms.ActiveCfg = Debug|x86
		{9438CF1F-5026-45AE-A25D-A0DE9FD9B3C4}.Debug|Mixed Platforms.Build.0 = Debug|x86
		{9438CF1F-5026-45AE-A25D-A0DE9FD9B3C4}.Debug|x86.ActiveCfg = Debug|x86
		{9438CF1F-5026-45AE-A25D-A0DE9FD9B3C4}.Debug|x86.Build.0 = Debug|x86
		{9438CF1F-5026-45AE-A25D-A0DE9FD9B3C4}.GenerateDebug|Any CPU.ActiveCfg = Debug|x86
		{9438CF1F-5026-45AE-A25D-A0DE9FD9B3C4}.GenerateDebug|Mixed Platforms.ActiveCfg = Debug|x86
		{9438CF1F-5026-45AE-A25D-A0DE9FD9B3C4}.GenerateDebug|Mixed Platforms.Build.0 = Debug|x86
		{9438CF1F-5026-45AE-A25D-A0DE9FD9B3C4}.GenerateDebug|x86.ActiveCfg = Debug|x86
		{9438CF1F-5026-45AE-A25D-A0DE9FD9B3C4}.GenerateDebug|x86.Build.0 = Debug|x86
		{9438CF1F-5026-45AE-A25D-A0DE9FD9B3C4}.Release|Any CPU.ActiveCfg = Release|x86
		{9438CF1F-5026-45AE-A25D-A0DE9FD9B3C4}.Release|Mixed Platforms.ActiveCfg = Release|x86
		{9438CF1F-5026-45AE-A25D-A0DE9FD9B3C4}.Release|Mixed Platforms.Build.0 = Release|x86
		{9438CF1F-5026-45AE-A25D-A0DE9FD9B3C4}.Release|x86.ActiveCfg = Release|x86
		{9438CF1F-5026-45AE-A25D-A0DE9FD9B3C4}.Release|x86.Build.0 = Release|x86
		{45642B98-1802-47D1-9BED-42D4650A752F}.Debug|Any CPU.ActiveCfg = Debug|Any CPU
		{45642B98-1802-47D1-9BED-42D4650A752F}.Debug|Any CPU.Build.0 = Debug|Any CPU
		{45642B98-1802-47D1-9BED-42D4650A752F}.Debug|Mixed Platforms.ActiveCfg = Debug|Any CPU
		{45642B98-1802-47D1-9BED-42D4650A752F}.Debug|Mixed Platforms.Build.0 = Debug|Any CPU
		{45642B98-1802-47D1-9BED-42D4650A752F}.Debug|x86.ActiveCfg = Debug|Any CPU
		{45642B98-1802-47D1-9BED-42D4650A752F}.GenerateDebug|Any CPU.ActiveCfg = Debug|Any CPU
		{45642B98-1802-47D1-9BED-42D4650A752F}.GenerateDebug|Any CPU.Build.0 = Debug|Any CPU
		{45642B98-1802-47D1-9BED-42D4650A752F}.GenerateDebug|Mixed Platforms.ActiveCfg = Debug|Any CPU
		{45642B98-1802-47D1-9BED-42D4650A752F}.GenerateDebug|Mixed Platforms.Build.0 = Debug|Any CPU
		{45642B98-1802-47D1-9BED-42D4650A752F}.GenerateDebug|x86.ActiveCfg = Debug|Any CPU
		{45642B98-1802-47D1-9BED-42D4650A752F}.Release|Any CPU.ActiveCfg = Release|Any CPU
		{45642B98-1802-47D1-9BED-42D4650A752F}.Release|Any CPU.Build.0 = Release|Any CPU
		{45642B98-1802-47D1-9BED-42D4650A752F}.Release|Mixed Platforms.ActiveCfg = Release|Any CPU
		{45642B98-1802-47D1-9BED-42D4650A752F}.Release|Mixed Platforms.Build.0 = Release|Any CPU
		{45642B98-1802-47D1-9BED-42D4650A752F}.Release|x86.ActiveCfg = Release|Any CPU
		{0C2CEAC1-F495-4D2C-9AC3-B5C7FEFF08D4}.Debug|Any CPU.ActiveCfg = Debug|Any CPU
		{0C2CEAC1-F495-4D2C-9AC3-B5C7FEFF08D4}.Debug|Any CPU.Build.0 = Debug|Any CPU
		{0C2CEAC1-F495-4D2C-9AC3-B5C7FEFF08D4}.Debug|Mixed Platforms.ActiveCfg = Debug|Any CPU
		{0C2CEAC1-F495-4D2C-9AC3-B5C7FEFF08D4}.Debug|Mixed Platforms.Build.0 = Debug|Any CPU
		{0C2CEAC1-F495-4D2C-9AC3-B5C7FEFF08D4}.Debug|x86.ActiveCfg = Debug|Any CPU
		{0C2CEAC1-F495-4D2C-9AC3-B5C7FEFF08D4}.GenerateDebug|Any CPU.ActiveCfg = Debug|Any CPU
		{0C2CEAC1-F495-4D2C-9AC3-B5C7FEFF08D4}.GenerateDebug|Any CPU.Build.0 = Debug|Any CPU
		{0C2CEAC1-F495-4D2C-9AC3-B5C7FEFF08D4}.GenerateDebug|Mixed Platforms.ActiveCfg = Debug|Any CPU
		{0C2CEAC1-F495-4D2C-9AC3-B5C7FEFF08D4}.GenerateDebug|Mixed Platforms.Build.0 = Debug|Any CPU
		{0C2CEAC1-F495-4D2C-9AC3-B5C7FEFF08D4}.GenerateDebug|x86.ActiveCfg = Debug|Any CPU
		{0C2CEAC1-F495-4D2C-9AC3-B5C7FEFF08D4}.Release|Any CPU.ActiveCfg = Release|Any CPU
		{0C2CEAC1-F495-4D2C-9AC3-B5C7FEFF08D4}.Release|Any CPU.Build.0 = Release|Any CPU
		{0C2CEAC1-F495-4D2C-9AC3-B5C7FEFF08D4}.Release|Mixed Platforms.ActiveCfg = Release|Any CPU
		{0C2CEAC1-F495-4D2C-9AC3-B5C7FEFF08D4}.Release|Mixed Platforms.Build.0 = Release|Any CPU
		{0C2CEAC1-F495-4D2C-9AC3-B5C7FEFF08D4}.Release|x86.ActiveCfg = Release|Any CPU
		{AACCDF61-B052-4857-BB83-D0FB17095810}.Debug|Any CPU.ActiveCfg = Debug|Any CPU
		{AACCDF61-B052-4857-BB83-D0FB17095810}.Debug|Any CPU.Build.0 = Debug|Any CPU
		{AACCDF61-B052-4857-BB83-D0FB17095810}.Debug|Mixed Platforms.ActiveCfg = Debug|Any CPU
		{AACCDF61-B052-4857-BB83-D0FB17095810}.Debug|Mixed Platforms.Build.0 = Debug|Any CPU
		{AACCDF61-B052-4857-BB83-D0FB17095810}.Debug|x86.ActiveCfg = Debug|Any CPU
		{AACCDF61-B052-4857-BB83-D0FB17095810}.GenerateDebug|Any CPU.ActiveCfg = Debug|Any CPU
		{AACCDF61-B052-4857-BB83-D0FB17095810}.GenerateDebug|Any CPU.Build.0 = Debug|Any CPU
		{AACCDF61-B052-4857-BB83-D0FB17095810}.GenerateDebug|Mixed Platforms.ActiveCfg = Debug|Any CPU
		{AACCDF61-B052-4857-BB83-D0FB17095810}.GenerateDebug|Mixed Platforms.Build.0 = Debug|Any CPU
		{AACCDF61-B052-4857-BB83-D0FB17095810}.GenerateDebug|x86.ActiveCfg = Debug|Any CPU
		{AACCDF61-B052-4857-BB83-D0FB17095810}.Release|Any CPU.ActiveCfg = Release|Any CPU
		{AACCDF61-B052-4857-BB83-D0FB17095810}.Release|Any CPU.Build.0 = Release|Any CPU
		{AACCDF61-B052-4857-BB83-D0FB17095810}.Release|Mixed Platforms.ActiveCfg = Release|Any CPU
		{AACCDF61-B052-4857-BB83-D0FB17095810}.Release|Mixed Platforms.Build.0 = Release|Any CPU
		{AACCDF61-B052-4857-BB83-D0FB17095810}.Release|x86.ActiveCfg = Release|Any CPU
		{5F01D090-34D9-4AA2-9F54-0533FBC0F140}.Debug|Any CPU.ActiveCfg = Debug|Any CPU
		{5F01D090-34D9-4AA2-9F54-0533FBC0F140}.Debug|Any CPU.Build.0 = Debug|Any CPU
		{5F01D090-34D9-4AA2-9F54-0533FBC0F140}.Debug|Mixed Platforms.ActiveCfg = Debug|Any CPU
		{5F01D090-34D9-4AA2-9F54-0533FBC0F140}.Debug|Mixed Platforms.Build.0 = Debug|Any CPU
		{5F01D090-34D9-4AA2-9F54-0533FBC0F140}.Debug|x86.ActiveCfg = Debug|Any CPU
		{5F01D090-34D9-4AA2-9F54-0533FBC0F140}.GenerateDebug|Any CPU.ActiveCfg = Debug|Any CPU
		{5F01D090-34D9-4AA2-9F54-0533FBC0F140}.GenerateDebug|Any CPU.Build.0 = Debug|Any CPU
		{5F01D090-34D9-4AA2-9F54-0533FBC0F140}.GenerateDebug|Mixed Platforms.ActiveCfg = Debug|Any CPU
		{5F01D090-34D9-4AA2-9F54-0533FBC0F140}.GenerateDebug|Mixed Platforms.Build.0 = Debug|Any CPU
		{5F01D090-34D9-4AA2-9F54-0533FBC0F140}.GenerateDebug|x86.ActiveCfg = Debug|Any CPU
		{5F01D090-34D9-4AA2-9F54-0533FBC0F140}.Release|Any CPU.ActiveCfg = Release|Any CPU
		{5F01D090-34D9-4AA2-9F54-0533FBC0F140}.Release|Any CPU.Build.0 = Release|Any CPU
		{5F01D090-34D9-4AA2-9F54-0533FBC0F140}.Release|Mixed Platforms.ActiveCfg = Release|Any CPU
		{5F01D090-34D9-4AA2-9F54-0533FBC0F140}.Release|Mixed Platforms.Build.0 = Release|Any CPU
		{5F01D090-34D9-4AA2-9F54-0533FBC0F140}.Release|x86.ActiveCfg = Release|Any CPU
		{1304BAF2-F6B8-4C6A-ACA1-9B3B1787A215}.Debug|Any CPU.ActiveCfg = Debug|x86
		{1304BAF2-F6B8-4C6A-ACA1-9B3B1787A215}.Debug|Any CPU.Build.0 = Debug|x86
		{1304BAF2-F6B8-4C6A-ACA1-9B3B1787A215}.Debug|Mixed Platforms.ActiveCfg = Debug|x86
		{1304BAF2-F6B8-4C6A-ACA1-9B3B1787A215}.Debug|Mixed Platforms.Build.0 = Debug|x86
		{1304BAF2-F6B8-4C6A-ACA1-9B3B1787A215}.Debug|x86.ActiveCfg = Debug|x86
		{1304BAF2-F6B8-4C6A-ACA1-9B3B1787A215}.Debug|x86.Build.0 = Debug|x86
		{1304BAF2-F6B8-4C6A-ACA1-9B3B1787A215}.GenerateDebug|Any CPU.ActiveCfg = Debug|x86
		{1304BAF2-F6B8-4C6A-ACA1-9B3B1787A215}.GenerateDebug|Mixed Platforms.ActiveCfg = Debug|x86
		{1304BAF2-F6B8-4C6A-ACA1-9B3B1787A215}.GenerateDebug|Mixed Platforms.Build.0 = Debug|x86
		{1304BAF2-F6B8-4C6A-ACA1-9B3B1787A215}.GenerateDebug|x86.ActiveCfg = Debug|x86
		{1304BAF2-F6B8-4C6A-ACA1-9B3B1787A215}.GenerateDebug|x86.Build.0 = Debug|x86
		{1304BAF2-F6B8-4C6A-ACA1-9B3B1787A215}.Release|Any CPU.ActiveCfg = Release|x86
		{1304BAF2-F6B8-4C6A-ACA1-9B3B1787A215}.Release|Mixed Platforms.ActiveCfg = Release|x86
		{1304BAF2-F6B8-4C6A-ACA1-9B3B1787A215}.Release|Mixed Platforms.Build.0 = Release|x86
		{1304BAF2-F6B8-4C6A-ACA1-9B3B1787A215}.Release|x86.ActiveCfg = Release|x86
		{1304BAF2-F6B8-4C6A-ACA1-9B3B1787A215}.Release|x86.Build.0 = Release|x86
		{856F7437-9ECB-40F6-8AF4-4533625E986E}.Debug|Any CPU.ActiveCfg = Debug|x86
		{856F7437-9ECB-40F6-8AF4-4533625E986E}.Debug|Mixed Platforms.ActiveCfg = Debug|x86
		{856F7437-9ECB-40F6-8AF4-4533625E986E}.Debug|Mixed Platforms.Build.0 = Debug|x86
		{856F7437-9ECB-40F6-8AF4-4533625E986E}.Debug|x86.ActiveCfg = Debug|x86
		{856F7437-9ECB-40F6-8AF4-4533625E986E}.Debug|x86.Build.0 = Debug|x86
		{856F7437-9ECB-40F6-8AF4-4533625E986E}.GenerateDebug|Any CPU.ActiveCfg = Debug|x86
		{856F7437-9ECB-40F6-8AF4-4533625E986E}.GenerateDebug|Mixed Platforms.ActiveCfg = Debug|x86
		{856F7437-9ECB-40F6-8AF4-4533625E986E}.GenerateDebug|Mixed Platforms.Build.0 = Debug|x86
		{856F7437-9ECB-40F6-8AF4-4533625E986E}.GenerateDebug|x86.ActiveCfg = Debug|x86
		{856F7437-9ECB-40F6-8AF4-4533625E986E}.GenerateDebug|x86.Build.0 = Debug|x86
		{856F7437-9ECB-40F6-8AF4-4533625E986E}.Release|Any CPU.ActiveCfg = Release|x86
		{856F7437-9ECB-40F6-8AF4-4533625E986E}.Release|Mixed Platforms.ActiveCfg = Release|x86
		{856F7437-9ECB-40F6-8AF4-4533625E986E}.Release|Mixed Platforms.Build.0 = Release|x86
		{856F7437-9ECB-40F6-8AF4-4533625E986E}.Release|x86.ActiveCfg = Release|x86
		{856F7437-9ECB-40F6-8AF4-4533625E986E}.Release|x86.Build.0 = Release|x86
		{32EEE44E-E778-4F22-BDFF-7787D2F97E70}.Debug|Any CPU.ActiveCfg = Debug|Any CPU
		{32EEE44E-E778-4F22-BDFF-7787D2F97E70}.Debug|Any CPU.Build.0 = Debug|Any CPU
		{32EEE44E-E778-4F22-BDFF-7787D2F97E70}.Debug|Mixed Platforms.ActiveCfg = Debug|Any CPU
		{32EEE44E-E778-4F22-BDFF-7787D2F97E70}.Debug|Mixed Platforms.Build.0 = Debug|Any CPU
		{32EEE44E-E778-4F22-BDFF-7787D2F97E70}.Debug|x86.ActiveCfg = Debug|Any CPU
		{32EEE44E-E778-4F22-BDFF-7787D2F97E70}.GenerateDebug|Any CPU.ActiveCfg = Debug|Any CPU
		{32EEE44E-E778-4F22-BDFF-7787D2F97E70}.GenerateDebug|Any CPU.Build.0 = Debug|Any CPU
		{32EEE44E-E778-4F22-BDFF-7787D2F97E70}.GenerateDebug|Mixed Platforms.ActiveCfg = Debug|Any CPU
		{32EEE44E-E778-4F22-BDFF-7787D2F97E70}.GenerateDebug|Mixed Platforms.Build.0 = Debug|Any CPU
		{32EEE44E-E778-4F22-BDFF-7787D2F97E70}.GenerateDebug|x86.ActiveCfg = Debug|Any CPU
		{32EEE44E-E778-4F22-BDFF-7787D2F97E70}.Release|Any CPU.ActiveCfg = Release|Any CPU
		{32EEE44E-E778-4F22-BDFF-7787D2F97E70}.Release|Any CPU.Build.0 = Release|Any CPU
		{32EEE44E-E778-4F22-BDFF-7787D2F97E70}.Release|Mixed Platforms.ActiveCfg = Release|Any CPU
		{32EEE44E-E778-4F22-BDFF-7787D2F97E70}.Release|Mixed Platforms.Build.0 = Release|Any CPU
		{32EEE44E-E778-4F22-BDFF-7787D2F97E70}.Release|x86.ActiveCfg = Release|Any CPU
		{6D1F7B31-9D6B-4F24-A610-7905B7FEC894}.Debug|Any CPU.ActiveCfg = Debug|x86
		{6D1F7B31-9D6B-4F24-A610-7905B7FEC894}.Debug|Mixed Platforms.ActiveCfg = Debug|x86
		{6D1F7B31-9D6B-4F24-A610-7905B7FEC894}.Debug|Mixed Platforms.Build.0 = Debug|x86
		{6D1F7B31-9D6B-4F24-A610-7905B7FEC894}.Debug|x86.ActiveCfg = Debug|x86
		{6D1F7B31-9D6B-4F24-A610-7905B7FEC894}.Debug|x86.Build.0 = Debug|x86
		{6D1F7B31-9D6B-4F24-A610-7905B7FEC894}.GenerateDebug|Any CPU.ActiveCfg = Debug|x86
		{6D1F7B31-9D6B-4F24-A610-7905B7FEC894}.GenerateDebug|Mixed Platforms.ActiveCfg = Debug|x86
		{6D1F7B31-9D6B-4F24-A610-7905B7FEC894}.GenerateDebug|Mixed Platforms.Build.0 = Debug|x86
		{6D1F7B31-9D6B-4F24-A610-7905B7FEC894}.GenerateDebug|x86.ActiveCfg = Debug|x86
		{6D1F7B31-9D6B-4F24-A610-7905B7FEC894}.GenerateDebug|x86.Build.0 = Debug|x86
		{6D1F7B31-9D6B-4F24-A610-7905B7FEC894}.Release|Any CPU.ActiveCfg = Release|x86
		{6D1F7B31-9D6B-4F24-A610-7905B7FEC894}.Release|Mixed Platforms.ActiveCfg = Release|x86
		{6D1F7B31-9D6B-4F24-A610-7905B7FEC894}.Release|Mixed Platforms.Build.0 = Release|x86
		{6D1F7B31-9D6B-4F24-A610-7905B7FEC894}.Release|x86.ActiveCfg = Release|x86
		{6D1F7B31-9D6B-4F24-A610-7905B7FEC894}.Release|x86.Build.0 = Release|x86
		{73EB7AAC-093B-4F49-B263-19D0FAF2063A}.Debug|Any CPU.ActiveCfg = Debug|Any CPU
		{73EB7AAC-093B-4F49-B263-19D0FAF2063A}.Debug|Any CPU.Build.0 = Debug|Any CPU
		{73EB7AAC-093B-4F49-B263-19D0FAF2063A}.Debug|Mixed Platforms.ActiveCfg = Debug|Any CPU
		{73EB7AAC-093B-4F49-B263-19D0FAF2063A}.Debug|Mixed Platforms.Build.0 = Debug|Any CPU
		{73EB7AAC-093B-4F49-B263-19D0FAF2063A}.Debug|x86.ActiveCfg = Debug|Any CPU
		{73EB7AAC-093B-4F49-B263-19D0FAF2063A}.GenerateDebug|Any CPU.ActiveCfg = Debug|Any CPU
		{73EB7AAC-093B-4F49-B263-19D0FAF2063A}.GenerateDebug|Any CPU.Build.0 = Debug|Any CPU
		{73EB7AAC-093B-4F49-B263-19D0FAF2063A}.GenerateDebug|Mixed Platforms.ActiveCfg = Debug|Any CPU
		{73EB7AAC-093B-4F49-B263-19D0FAF2063A}.GenerateDebug|Mixed Platforms.Build.0 = Debug|Any CPU
		{73EB7AAC-093B-4F49-B263-19D0FAF2063A}.GenerateDebug|x86.ActiveCfg = Debug|Any CPU
		{73EB7AAC-093B-4F49-B263-19D0FAF2063A}.Release|Any CPU.ActiveCfg = Release|Any CPU
		{73EB7AAC-093B-4F49-B263-19D0FAF2063A}.Release|Any CPU.Build.0 = Release|Any CPU
		{73EB7AAC-093B-4F49-B263-19D0FAF2063A}.Release|Mixed Platforms.ActiveCfg = Release|Any CPU
		{73EB7AAC-093B-4F49-B263-19D0FAF2063A}.Release|Mixed Platforms.Build.0 = Release|Any CPU
		{73EB7AAC-093B-4F49-B263-19D0FAF2063A}.Release|x86.ActiveCfg = Release|Any CPU
		{F93FE82B-6B51-440B-86C9-55F6BA9CF038}.Debug|Any CPU.ActiveCfg = Debug|Any CPU
		{F93FE82B-6B51-440B-86C9-55F6BA9CF038}.Debug|Any CPU.Build.0 = Debug|Any CPU
		{F93FE82B-6B51-440B-86C9-55F6BA9CF038}.Debug|Mixed Platforms.ActiveCfg = Debug|Any CPU
		{F93FE82B-6B51-440B-86C9-55F6BA9CF038}.Debug|Mixed Platforms.Build.0 = Debug|Any CPU
		{F93FE82B-6B51-440B-86C9-55F6BA9CF038}.Debug|x86.ActiveCfg = Debug|Any CPU
		{F93FE82B-6B51-440B-86C9-55F6BA9CF038}.GenerateDebug|Any CPU.ActiveCfg = Debug|Any CPU
		{F93FE82B-6B51-440B-86C9-55F6BA9CF038}.GenerateDebug|Any CPU.Build.0 = Debug|Any CPU
		{F93FE82B-6B51-440B-86C9-55F6BA9CF038}.GenerateDebug|Mixed Platforms.ActiveCfg = Debug|Any CPU
		{F93FE82B-6B51-440B-86C9-55F6BA9CF038}.GenerateDebug|Mixed Platforms.Build.0 = Debug|Any CPU
		{F93FE82B-6B51-440B-86C9-55F6BA9CF038}.GenerateDebug|x86.ActiveCfg = Debug|Any CPU
		{F93FE82B-6B51-440B-86C9-55F6BA9CF038}.Release|Any CPU.ActiveCfg = Release|Any CPU
		{F93FE82B-6B51-440B-86C9-55F6BA9CF038}.Release|Any CPU.Build.0 = Release|Any CPU
		{F93FE82B-6B51-440B-86C9-55F6BA9CF038}.Release|Mixed Platforms.ActiveCfg = Release|Any CPU
		{F93FE82B-6B51-440B-86C9-55F6BA9CF038}.Release|Mixed Platforms.Build.0 = Release|Any CPU
		{F93FE82B-6B51-440B-86C9-55F6BA9CF038}.Release|x86.ActiveCfg = Release|Any CPU
		{634574E7-DA42-4681-A185-EB54E1B47872}.Debug|Any CPU.ActiveCfg = Debug|Any CPU
		{634574E7-DA42-4681-A185-EB54E1B47872}.Debug|Any CPU.Build.0 = Debug|Any CPU
		{634574E7-DA42-4681-A185-EB54E1B47872}.Debug|Mixed Platforms.ActiveCfg = Debug|Any CPU
		{634574E7-DA42-4681-A185-EB54E1B47872}.Debug|Mixed Platforms.Build.0 = Debug|Any CPU
		{634574E7-DA42-4681-A185-EB54E1B47872}.Debug|x86.ActiveCfg = Debug|Any CPU
		{634574E7-DA42-4681-A185-EB54E1B47872}.GenerateDebug|Any CPU.ActiveCfg = Debug|Any CPU
		{634574E7-DA42-4681-A185-EB54E1B47872}.GenerateDebug|Any CPU.Build.0 = Debug|Any CPU
		{634574E7-DA42-4681-A185-EB54E1B47872}.GenerateDebug|Mixed Platforms.ActiveCfg = Debug|Any CPU
		{634574E7-DA42-4681-A185-EB54E1B47872}.GenerateDebug|Mixed Platforms.Build.0 = Debug|Any CPU
		{634574E7-DA42-4681-A185-EB54E1B47872}.GenerateDebug|x86.ActiveCfg = Debug|Any CPU
		{634574E7-DA42-4681-A185-EB54E1B47872}.Release|Any CPU.ActiveCfg = Release|Any CPU
		{634574E7-DA42-4681-A185-EB54E1B47872}.Release|Any CPU.Build.0 = Release|Any CPU
		{634574E7-DA42-4681-A185-EB54E1B47872}.Release|Mixed Platforms.ActiveCfg = Release|Any CPU
		{634574E7-DA42-4681-A185-EB54E1B47872}.Release|Mixed Platforms.Build.0 = Release|Any CPU
		{634574E7-DA42-4681-A185-EB54E1B47872}.Release|x86.ActiveCfg = Release|Any CPU
		{8C29EDAB-1DB5-4862-BB08-FF0F69ED77D3}.Debug|Any CPU.ActiveCfg = Debug|x86
		{8C29EDAB-1DB5-4862-BB08-FF0F69ED77D3}.Debug|Mixed Platforms.ActiveCfg = Debug|x86
		{8C29EDAB-1DB5-4862-BB08-FF0F69ED77D3}.Debug|Mixed Platforms.Build.0 = Debug|x86
		{8C29EDAB-1DB5-4862-BB08-FF0F69ED77D3}.Debug|x86.ActiveCfg = Debug|x86
		{8C29EDAB-1DB5-4862-BB08-FF0F69ED77D3}.Debug|x86.Build.0 = Debug|x86
		{8C29EDAB-1DB5-4862-BB08-FF0F69ED77D3}.GenerateDebug|Any CPU.ActiveCfg = Debug|x86
		{8C29EDAB-1DB5-4862-BB08-FF0F69ED77D3}.GenerateDebug|Mixed Platforms.ActiveCfg = Debug|x86
		{8C29EDAB-1DB5-4862-BB08-FF0F69ED77D3}.GenerateDebug|Mixed Platforms.Build.0 = Debug|x86
		{8C29EDAB-1DB5-4862-BB08-FF0F69ED77D3}.GenerateDebug|x86.ActiveCfg = Debug|x86
		{8C29EDAB-1DB5-4862-BB08-FF0F69ED77D3}.GenerateDebug|x86.Build.0 = Debug|x86
		{8C29EDAB-1DB5-4862-BB08-FF0F69ED77D3}.Release|Any CPU.ActiveCfg = Release|x86
		{8C29EDAB-1DB5-4862-BB08-FF0F69ED77D3}.Release|Mixed Platforms.ActiveCfg = Release|x86
		{8C29EDAB-1DB5-4862-BB08-FF0F69ED77D3}.Release|Mixed Platforms.Build.0 = Release|x86
		{8C29EDAB-1DB5-4862-BB08-FF0F69ED77D3}.Release|x86.ActiveCfg = Release|x86
		{8C29EDAB-1DB5-4862-BB08-FF0F69ED77D3}.Release|x86.Build.0 = Release|x86
	EndGlobalSection
	GlobalSection(SolutionProperties) = preSolution
		HideSolutionNode = FALSE
	EndGlobalSection
	GlobalSection(NestedProjects) = preSolution
		{20E43088-4618-4F4A-B8AD-FC31B50D94CD} = {F3A10C8D-3227-449F-A2CB-014DE2D7F415}
		{041C1BBE-0BFB-4D45-8125-9AB0BBC09A92} = {F3A10C8D-3227-449F-A2CB-014DE2D7F415}
		{8996A7B4-57D3-440B-A545-A701844B8C4A} = {F3A10C8D-3227-449F-A2CB-014DE2D7F415}
		{794327CE-DC0A-4381-89EE-4C00AFB08D5A} = {F3A10C8D-3227-449F-A2CB-014DE2D7F415}
		{1DCAB031-308A-4581-AFA8-BD29F45A1357} = {F3A10C8D-3227-449F-A2CB-014DE2D7F415}
		{E41704D8-FFB8-462F-8FF9-DF315D39251A} = {F3A10C8D-3227-449F-A2CB-014DE2D7F415}
		{47FE3BE8-3E46-47CA-8494-473755867DD0} = {F3A10C8D-3227-449F-A2CB-014DE2D7F415}
		{F728C4BD-8EEB-476D-AC0B-D4BCFA98F975} = {06164622-3B6F-427E-BA84-9072B6245849}
		{2EA50EA4-91BE-47DB-B7A6-32BE45A4BC8F} = {06164622-3B6F-427E-BA84-9072B6245849}
		{B3734779-3B22-4742-AACD-32D55F3A1C37} = {06164622-3B6F-427E-BA84-9072B6245849}
		{C1E3E75C-7C54-4546-A1FC-B70ED7A2C4F8} = {06164622-3B6F-427E-BA84-9072B6245849}
		{08EACA40-0B2C-4FB3-87CB-4F5880D289B5} = {06164622-3B6F-427E-BA84-9072B6245849}
		{2CDBC72F-8E33-4C86-9BE5-54FEDAA64291} = {06164622-3B6F-427E-BA84-9072B6245849}
		{32EEE44E-E778-4F22-BDFF-7787D2F97E70} = {06164622-3B6F-427E-BA84-9072B6245849}
		{6D1F7B31-9D6B-4F24-A610-7905B7FEC894} = {06164622-3B6F-427E-BA84-9072B6245849}
		{F93FE82B-6B51-440B-86C9-55F6BA9CF038} = {06164622-3B6F-427E-BA84-9072B6245849}
		{634574E7-DA42-4681-A185-EB54E1B47872} = {06164622-3B6F-427E-BA84-9072B6245849}
		{387ADF5B-313B-4D1D-A6B8-3307AE14A494} = {BC0B35A7-CC4A-45AF-A6C0-CEC9762DCC6F}
		{DD591430-19F4-42CC-8108-04C149B16B6D} = {BC0B35A7-CC4A-45AF-A6C0-CEC9762DCC6F}
		{F70A3A5A-6154-413B-BD16-5DC05C62AFF0} = {BC0B35A7-CC4A-45AF-A6C0-CEC9762DCC6F}
		{E74ECE7C-A095-4B86-B158-3C7FDB7DE760} = {BC0B35A7-CC4A-45AF-A6C0-CEC9762DCC6F}
		{B6568DDF-D344-40BB-9E7C-80C8EA1C85A4} = {BC0B35A7-CC4A-45AF-A6C0-CEC9762DCC6F}
		{CA131BB3-941F-4497-9DD5-BB365F76A6A9} = {BC0B35A7-CC4A-45AF-A6C0-CEC9762DCC6F}
		{EB63F5FF-DA51-484F-BA00-124D4477D434} = {BC0B35A7-CC4A-45AF-A6C0-CEC9762DCC6F}
		{66217931-D635-4CA4-A988-70D07F6B3C54} = {BC0B35A7-CC4A-45AF-A6C0-CEC9762DCC6F}
		{EE0FDEA0-348F-43A9-8378-C5DD937BBCA5} = {BC0B35A7-CC4A-45AF-A6C0-CEC9762DCC6F}
		{144BF37F-5B8A-4ABC-AAF8-5E6D6DFE06C0} = {BC0B35A7-CC4A-45AF-A6C0-CEC9762DCC6F}
		{D3536A93-246F-4C9B-AF5D-40EAC86233E9} = {BC0B35A7-CC4A-45AF-A6C0-CEC9762DCC6F}
		{33BC1834-7DAD-4857-8E54-C83B39816422} = {BC0B35A7-CC4A-45AF-A6C0-CEC9762DCC6F}
		{856F7437-9ECB-40F6-8AF4-4533625E986E} = {BC0B35A7-CC4A-45AF-A6C0-CEC9762DCC6F}
		{8C29EDAB-1DB5-4862-BB08-FF0F69ED77D3} = {BC0B35A7-CC4A-45AF-A6C0-CEC9762DCC6F}
		{CB8D0BA0-DE95-4EC0-A108-31DEDE258317} = {D24A3561-94E5-47BE-8EE1-1CA310C78961}
		{0C2CEAC1-F495-4D2C-9AC3-B5C7FEFF08D4} = {D24A3561-94E5-47BE-8EE1-1CA310C78961}
		{E0D66A76-9181-404E-AB6E-F11ECFC108CB} = {3D81BEB0-10C3-482E-85E2-B717E8222F77}
		{8E688AB0-7F84-4204-9A07-3EE31C750EC8} = {D5CDA092-A5E3-4E52-B4D8-347C1ECBC511}
		{9438CF1F-5026-45AE-A25D-A0DE9FD9B3C4} = {D5CDA092-A5E3-4E52-B4D8-347C1ECBC511}
		{45642B98-1802-47D1-9BED-42D4650A752F} = {8892E1A0-E9CF-4B1E-8661-E7A794F3F2B9}
		{AACCDF61-B052-4857-BB83-D0FB17095810} = {8892E1A0-E9CF-4B1E-8661-E7A794F3F2B9}
		{5F01D090-34D9-4AA2-9F54-0533FBC0F140} = {8892E1A0-E9CF-4B1E-8661-E7A794F3F2B9}
		{1304BAF2-F6B8-4C6A-ACA1-9B3B1787A215} = {8892E1A0-E9CF-4B1E-8661-E7A794F3F2B9}
		{73EB7AAC-093B-4F49-B263-19D0FAF2063A} = {C01B526C-2060-4C2F-BEA9-F8F0F0E4C47E}
		{3A986EBB-8EBB-4E9D-BE16-E8F9B8B9564F} = {C01B526C-2060-4C2F-BEA9-F8F0F0E4C47E}
	EndGlobalSection
EndGlobal
